
Microsoft Visual Studio Solution File, Format Version 12.00
# Visual Studio Version 16
VisualStudioVersion = 16.0.30503.244
MinimumVisualStudioVersion = 10.0.40219.1
Project("{FAE04EC0-301F-11D3-BF4B-00C04F79EFBC}") = "001_HelloWorld", "001_HelloWorld\001_HelloWorld.csproj", "{7F96BE34-35D3-4F26-B287-6D26EE2EBC68}"
EndProject
Project("{9A19103F-16F7-4668-BE54-9A1E7A4F7556}") = "002_Jak_se_jmenujes", "002_Jak_se_jmenujes\002_Jak_se_jmenujes.csproj", "{490ECB10-B656-4AAE-8182-DA7BA716FA4A}"
EndProject
Project("{9A19103F-16F7-4668-BE54-9A1E7A4F7556}") = "003_Zvetseni_cisla", "003_zvetseni_cisla\003_Zvetseni_cisla.csproj", "{A2871E48-0B0F-4F6C-8F09-732F8CD9969D}"
EndProject
Project("{9A19103F-16F7-4668-BE54-9A1E7A4F7556}") = "004_Typ_double", "004_typ_double\004_Typ_double.csproj", "{4A40E4B9-B0C8-4F79-B2BD-978DACC9288F}"
EndProject
Project("{9A19103F-16F7-4668-BE54-9A1E7A4F7556}") = "005_Typ_char", "005_Typ_char\005_Typ_char.csproj", "{FC6B31AE-ABE1-4516-8C63-D6881835473F}"
EndProject
Project("{9A19103F-16F7-4668-BE54-9A1E7A4F7556}") = "006_Podminka", "006_Podminka\006_Podminka.csproj", "{C66484F6-5CCD-4B64-BDAD-C60FCCDAC660}"
EndProject
Project("{9A19103F-16F7-4668-BE54-9A1E7A4F7556}") = "007_Je_sude", "007_Je_sude\007_Je_sude.csproj", "{DF49DC88-A4EC-43E7-8715-EC70FF5B7ABB}"
EndProject
Project("{9A19103F-16F7-4668-BE54-9A1E7A4F7556}") = "008_Vetsi_podminka", "008_vetsi_podminka\008_Vetsi_podminka.csproj", "{4B2FA2B5-ECCE-44D6-AC90-C2899ABDFB32}"
EndProject
Project("{9A19103F-16F7-4668-BE54-9A1E7A4F7556}") = "009_typ_boolean", "009_typ_boolean\009_typ_boolean.csproj", "{96D0F97B-23B2-4844-B302-60341509770E}"
EndProject
Project("{9A19103F-16F7-4668-BE54-9A1E7A4F7556}") = "010_boolean_vysledek", "010_boolean_vysledek\010_boolean_vysledek.csproj", "{B201EF7E-51DE-47B9-8C76-F62BAFAB0217}"
EndProject
Project("{2150E333-8FDC-42A3-9474-1A3956D46DE8}") = "01-uvod_do_konzole", "01-uvod_do_konzole", "{CC893FFD-4C0D-4A51-8B35-EDEA5C6D239D}"
EndProject
Project("{2150E333-8FDC-42A3-9474-1A3956D46DE8}") = "02-podminky", "02-podminky", "{09A4A9D0-CABB-43EC-80DA-13431B74F778}"
EndProject
Project("{9A19103F-16F7-4668-BE54-9A1E7A4F7556}") = "005b_retezce", "005b_retezce\005b_retezce.csproj", "{F120B87D-BC8B-4453-AB2D-E2DEEECC3F87}"
EndProject
Project("{9A19103F-16F7-4668-BE54-9A1E7A4F7556}") = "011-nahodna-cisla", "011-nahodna-cisla\011-nahodna-cisla.csproj", "{47BEBA58-0CED-458B-971B-8DD6490E1EC9}"
EndProject
Project("{2150E333-8FDC-42A3-9474-1A3956D46DE8}") = "03-while", "03-while", "{68960459-6070-4AED-B30F-D45E918F991E}"
EndProject
Project("{9A19103F-16F7-4668-BE54-9A1E7A4F7556}") = "012-pocitani-do-10", "012-pocitani-do-10\012-pocitani-do-10.csproj", "{FFFFCDC6-8437-483D-916E-E99EBFC7B31C}"
EndProject
Project("{9A19103F-16F7-4668-BE54-9A1E7A4F7556}") = "013-den-v-tydnu", "013-den-v-tydnu\013-den-v-tydnu.csproj", "{4F6665F0-2444-4B5B-8E26-D5EEEF598F74}"
EndProject
Project("{9A19103F-16F7-4668-BE54-9A1E7A4F7556}") = "014-kolik-hodu-do-sestky", "014-kolik-hodu-do-sestky\014-kolik-hodu-do-sestky.csproj", "{DD0088B0-ED7F-4272-8B97-1E504AF91F32}"
EndProject
Project("{9A19103F-16F7-4668-BE54-9A1E7A4F7556}") = "015-do-while", "015-do-while\015-do-while.csproj", "{D4DCF9FF-2362-4A24-BEF9-DC9709F766A6}"
EndProject
Project("{9A19103F-16F7-4668-BE54-9A1E7A4F7556}") = "016-do-while-kolik-do-sestky", "016-do-while-kolik-do-sestky\016-do-while-kolik-do-sestky.csproj", "{9647E987-AEF3-4786-845E-113A34ECFE39}"
EndProject
Project("{9A19103F-16F7-4668-BE54-9A1E7A4F7556}") = "017-while-opak-prochazeni-intervalu", "017-while-opak-prochazeni-intervalu\017-while-opak-prochazeni-intervalu.csproj", "{1919C764-D8E2-4361-8F10-081BA8321655}"
EndProject
Project("{9A19103F-16F7-4668-BE54-9A1E7A4F7556}") = "tmp", "tmp\tmp.csproj", "{F5347160-DA37-4AC4-BCDD-2D2CC0C3256D}"
EndProject
Project("{9A19103F-16F7-4668-BE54-9A1E7A4F7556}") = "018-test-hrnecky", "018-test-hrnecky\018-test-hrnecky.csproj", "{8D9FF741-306A-46DE-AB9F-570B9B059AE2}"
EndProject
Project("{9A19103F-16F7-4668-BE54-9A1E7A4F7556}") = "019-While-Minimum", "019-While-Minimum\019-While-Minimum.csproj", "{E7B64676-F0D8-4A22-AAA1-D7B37CE1C221}"
EndProject
Project("{9A19103F-16F7-4668-BE54-9A1E7A4F7556}") = "020-TryParse", "020-TryParse\020-TryParse.csproj", "{4706953B-8FC5-4C64-8022-A4C883CC2550}"
EndProject
Project("{2150E333-8FDC-42A3-9474-1A3956D46DE8}") = "04-for", "04-for", "{A1C17753-5BBA-48E7-AF06-DC51F2574AEC}"
EndProject
Project("{9A19103F-16F7-4668-BE54-9A1E7A4F7556}") = "021-for-ukazka", "021-for-ukazka\021-for-ukazka.csproj", "{52103CB7-1CE8-4F77-80FE-A6DA54503035}"
EndProject
Project("{9A19103F-16F7-4668-BE54-9A1E7A4F7556}") = "022-for-ukazka-opisovani", "022-for-ukazka-opisovani\022-for-ukazka-opisovani.csproj", "{7F1B78BC-EBC5-4962-A648-68AC6F21C0BB}"
EndProject
Project("{9A19103F-16F7-4668-BE54-9A1E7A4F7556}") = "023-for-ukazka-nasobilka", "023-for-ukazka-nasobilka\023-for-ukazka-nasobilka.csproj", "{FE59CD69-7D61-4F93-A66A-06F69421F52D}"
EndProject
Project("{9A19103F-16F7-4668-BE54-9A1E7A4F7556}") = "024-for-ukazka-delitele", "024-for-ukazka-delitele\024-for-ukazka-delitele.csproj", "{689BC434-3031-4526-90F6-B2F668B1EECA}"
EndProject
Project("{9A19103F-16F7-4668-BE54-9A1E7A4F7556}") = "025-for-znaky-v-retezci", "025-for-znaky-v-retezci\025-for-znaky-v-retezci.csproj", "{334BDCAE-EACE-44E2-A361-C5D6C18B823E}"
EndProject
Project("{9A19103F-16F7-4668-BE54-9A1E7A4F7556}") = "026-for-ukazky-zasifruj", "026-for-ukazky-zasifruj\026-for-ukazky-zasifruj.csproj", "{B9CA7BE0-FCC5-46BA-83AB-2D487BE611D0}"
EndProject
Project("{9A19103F-16F7-4668-BE54-9A1E7A4F7556}") = "027-For-Maskovani-2", "027-For-Maskovani-2\027-For-Maskovani-2.csproj", "{727AB9EC-A523-4A3B-ABE2-7D89ED67A088}"
EndProject
Project("{9A19103F-16F7-4668-BE54-9A1E7A4F7556}") = "028-for-demaskovani", "028-for-demaskovani\028-for-demaskovani.csproj", "{7E939166-5F9B-423C-BDD5-E78D976DAC3A}"
EndProject
Project("{9A19103F-16F7-4668-BE54-9A1E7A4F7556}") = "029-For-Caesarova-sifra", "029-For-Caesarova-sifra\029-For-Caesarova-sifra.csproj", "{A27A6903-3B54-4397-A15F-836684A1C5E3}"
EndProject
Project("{9A19103F-16F7-4668-BE54-9A1E7A4F7556}") = "030-For-Vnorene-cykly-Vsechny-kombinace", "030-For-Vnorene-cykly-Vsechny-kombinace\030-For-Vnorene-cykly-Vsechny-kombinace.csproj", "{AA979761-D560-417F-8540-CDEC95396641}"
EndProject
Project("{9A19103F-16F7-4668-BE54-9A1E7A4F7556}") = "031-For-Dominove-kostky", "031-For-Dominova-kostky\031-For-Dominove-kostky.csproj", "{044012C3-AFBD-4961-93F3-6551AA4BFC9F}"
EndProject
Project("{9A19103F-16F7-4668-BE54-9A1E7A4F7556}") = "032-For-trojuhelnik-typ-b", "032-For-trojuhelnik-typ-b\032-For-trojuhelnik-typ-b.csproj", "{15F3CBFC-758D-4659-84E0-0BEA838AB963}"
EndProject
Project("{9A19103F-16F7-4668-BE54-9A1E7A4F7556}") = "033-For-Algebrogramy", "033-For-Algebrogramy\033-For-Algebrogramy.csproj", "{E3D89E72-17C2-48E3-8B56-D19D216D42AC}"
EndProject
Project("{9A19103F-16F7-4668-BE54-9A1E7A4F7556}") = "034-For-Sachovnice", "034-For-Sachovnice\034-For-Sachovnice.csproj", "{D06A92BB-11E9-44A0-A6B2-EED4EC41893B}"
EndProject
Project("{9A19103F-16F7-4668-BE54-9A1E7A4F7556}") = "035-Bin2Dec", "035-Bin2Dec\035-Bin2Dec.csproj", "{1661A58F-E337-4DFC-92BB-225F2CCCF6F2}"
EndProject
Project("{9A19103F-16F7-4668-BE54-9A1E7A4F7556}") = "036-For-Dec2Bin", "036-For-Dec2Bin\036-For-Dec2Bin.csproj", "{6B31D37B-BA3D-4AAE-8980-D126BD0E01E4}"
EndProject
Project("{9A19103F-16F7-4668-BE54-9A1E7A4F7556}") = "037-For-Je-prvocislo", "037-For-Je-prvocislo\037-For-Je-prvocislo.csproj", "{765050AA-9A74-4913-A9DC-813A9EFD9A04}"
EndProject
Project("{9A19103F-16F7-4668-BE54-9A1E7A4F7556}") = "038-For-Faktorial", "038-For-Faktorial\038-For-Faktorial.csproj", "{7CC7C2B3-4109-498A-8850-D7A87B14456A}"
EndProject
Project("{2150E333-8FDC-42A3-9474-1A3956D46DE8}") = "05-pole", "05-pole", "{706E3837-EC72-476C-A496-AAF9035B0116}"
EndProject
Project("{FAE04EC0-301F-11D3-BF4B-00C04F79EFBC}") = "039-Vanocni-vyzva", "039-Vanocni-vyzva\039-Vanocni-vyzva.csproj", "{64C8212F-B76C-4D7B-987D-BC06026B05DB}"
EndProject
Project("{FAE04EC0-301F-11D3-BF4B-00C04F79EFBC}") = "040-Vanocni-vyzva-reseni", "040-Vanocni-vyzva-reseni\040-Vanocni-vyzva-reseni.csproj", "{3DEE081A-7FF6-4408-A0A8-B526ABAFA94B}"
EndProject
Project("{FAE04EC0-301F-11D3-BF4B-00C04F79EFBC}") = "041-Pole-Ukazky", "041-Pole-ukazky\041-Pole-Ukazky.csproj", "{A256CA13-417C-4834-BA5D-9BD3F1AA9EFE}"
EndProject
Project("{FAE04EC0-301F-11D3-BF4B-00C04F79EFBC}") = "042-Pole-Naplneni-a-vypis", "042-Pole-Naplneni-a-vypis\042-Pole-Naplneni-a-vypis.csproj", "{443D45BC-2D97-444B-8523-2C8EFBDA7BE7}"
EndProject
Project("{FAE04EC0-301F-11D3-BF4B-00C04F79EFBC}") = "043-Pole-Pocet-nulovych-prvku", "043-Pole-Pocet-nulovych-prvku\043-Pole-Pocet-nulovych-prvku.csproj", "{B25FBB29-9068-422D-9828-E88E3E8800E9}"
EndProject
Project("{FAE04EC0-301F-11D3-BF4B-00C04F79EFBC}") = "043-Pole-Soucet-prvku-na-sude-pozici", "043-Pole-Soucet-prvku-na-sude-pozici\043-Pole-Soucet-prvku-na-sude-pozici.csproj", "{F6EE50E9-3EC9-4255-B79A-9F97A24D1073}"
EndProject
Global
	GlobalSection(SolutionConfigurationPlatforms) = preSolution
		Debug|Any CPU = Debug|Any CPU
		Release|Any CPU = Release|Any CPU
	EndGlobalSection
	GlobalSection(ProjectConfigurationPlatforms) = postSolution
		{7F96BE34-35D3-4F26-B287-6D26EE2EBC68}.Debug|Any CPU.ActiveCfg = Debug|Any CPU
		{7F96BE34-35D3-4F26-B287-6D26EE2EBC68}.Debug|Any CPU.Build.0 = Debug|Any CPU
		{7F96BE34-35D3-4F26-B287-6D26EE2EBC68}.Release|Any CPU.ActiveCfg = Release|Any CPU
		{7F96BE34-35D3-4F26-B287-6D26EE2EBC68}.Release|Any CPU.Build.0 = Release|Any CPU
		{490ECB10-B656-4AAE-8182-DA7BA716FA4A}.Debug|Any CPU.ActiveCfg = Debug|Any CPU
		{490ECB10-B656-4AAE-8182-DA7BA716FA4A}.Debug|Any CPU.Build.0 = Debug|Any CPU
		{490ECB10-B656-4AAE-8182-DA7BA716FA4A}.Release|Any CPU.ActiveCfg = Release|Any CPU
		{490ECB10-B656-4AAE-8182-DA7BA716FA4A}.Release|Any CPU.Build.0 = Release|Any CPU
		{A2871E48-0B0F-4F6C-8F09-732F8CD9969D}.Debug|Any CPU.ActiveCfg = Debug|Any CPU
		{A2871E48-0B0F-4F6C-8F09-732F8CD9969D}.Debug|Any CPU.Build.0 = Debug|Any CPU
		{A2871E48-0B0F-4F6C-8F09-732F8CD9969D}.Release|Any CPU.ActiveCfg = Release|Any CPU
		{A2871E48-0B0F-4F6C-8F09-732F8CD9969D}.Release|Any CPU.Build.0 = Release|Any CPU
		{4A40E4B9-B0C8-4F79-B2BD-978DACC9288F}.Debug|Any CPU.ActiveCfg = Debug|Any CPU
		{4A40E4B9-B0C8-4F79-B2BD-978DACC9288F}.Debug|Any CPU.Build.0 = Debug|Any CPU
		{4A40E4B9-B0C8-4F79-B2BD-978DACC9288F}.Release|Any CPU.ActiveCfg = Release|Any CPU
		{4A40E4B9-B0C8-4F79-B2BD-978DACC9288F}.Release|Any CPU.Build.0 = Release|Any CPU
		{FC6B31AE-ABE1-4516-8C63-D6881835473F}.Debug|Any CPU.ActiveCfg = Debug|Any CPU
		{FC6B31AE-ABE1-4516-8C63-D6881835473F}.Debug|Any CPU.Build.0 = Debug|Any CPU
		{FC6B31AE-ABE1-4516-8C63-D6881835473F}.Release|Any CPU.ActiveCfg = Release|Any CPU
		{FC6B31AE-ABE1-4516-8C63-D6881835473F}.Release|Any CPU.Build.0 = Release|Any CPU
		{C66484F6-5CCD-4B64-BDAD-C60FCCDAC660}.Debug|Any CPU.ActiveCfg = Debug|Any CPU
		{C66484F6-5CCD-4B64-BDAD-C60FCCDAC660}.Debug|Any CPU.Build.0 = Debug|Any CPU
		{C66484F6-5CCD-4B64-BDAD-C60FCCDAC660}.Release|Any CPU.ActiveCfg = Release|Any CPU
		{C66484F6-5CCD-4B64-BDAD-C60FCCDAC660}.Release|Any CPU.Build.0 = Release|Any CPU
		{DF49DC88-A4EC-43E7-8715-EC70FF5B7ABB}.Debug|Any CPU.ActiveCfg = Debug|Any CPU
		{DF49DC88-A4EC-43E7-8715-EC70FF5B7ABB}.Debug|Any CPU.Build.0 = Debug|Any CPU
		{DF49DC88-A4EC-43E7-8715-EC70FF5B7ABB}.Release|Any CPU.ActiveCfg = Release|Any CPU
		{DF49DC88-A4EC-43E7-8715-EC70FF5B7ABB}.Release|Any CPU.Build.0 = Release|Any CPU
		{4B2FA2B5-ECCE-44D6-AC90-C2899ABDFB32}.Debug|Any CPU.ActiveCfg = Debug|Any CPU
		{4B2FA2B5-ECCE-44D6-AC90-C2899ABDFB32}.Debug|Any CPU.Build.0 = Debug|Any CPU
		{4B2FA2B5-ECCE-44D6-AC90-C2899ABDFB32}.Release|Any CPU.ActiveCfg = Release|Any CPU
		{4B2FA2B5-ECCE-44D6-AC90-C2899ABDFB32}.Release|Any CPU.Build.0 = Release|Any CPU
		{96D0F97B-23B2-4844-B302-60341509770E}.Debug|Any CPU.ActiveCfg = Debug|Any CPU
		{96D0F97B-23B2-4844-B302-60341509770E}.Debug|Any CPU.Build.0 = Debug|Any CPU
		{96D0F97B-23B2-4844-B302-60341509770E}.Release|Any CPU.ActiveCfg = Release|Any CPU
		{96D0F97B-23B2-4844-B302-60341509770E}.Release|Any CPU.Build.0 = Release|Any CPU
		{B201EF7E-51DE-47B9-8C76-F62BAFAB0217}.Debug|Any CPU.ActiveCfg = Debug|Any CPU
		{B201EF7E-51DE-47B9-8C76-F62BAFAB0217}.Debug|Any CPU.Build.0 = Debug|Any CPU
		{B201EF7E-51DE-47B9-8C76-F62BAFAB0217}.Release|Any CPU.ActiveCfg = Release|Any CPU
		{B201EF7E-51DE-47B9-8C76-F62BAFAB0217}.Release|Any CPU.Build.0 = Release|Any CPU
		{F120B87D-BC8B-4453-AB2D-E2DEEECC3F87}.Debug|Any CPU.ActiveCfg = Debug|Any CPU
		{F120B87D-BC8B-4453-AB2D-E2DEEECC3F87}.Debug|Any CPU.Build.0 = Debug|Any CPU
		{F120B87D-BC8B-4453-AB2D-E2DEEECC3F87}.Release|Any CPU.ActiveCfg = Release|Any CPU
		{F120B87D-BC8B-4453-AB2D-E2DEEECC3F87}.Release|Any CPU.Build.0 = Release|Any CPU
		{47BEBA58-0CED-458B-971B-8DD6490E1EC9}.Debug|Any CPU.ActiveCfg = Debug|Any CPU
		{47BEBA58-0CED-458B-971B-8DD6490E1EC9}.Debug|Any CPU.Build.0 = Debug|Any CPU
		{47BEBA58-0CED-458B-971B-8DD6490E1EC9}.Release|Any CPU.ActiveCfg = Release|Any CPU
		{47BEBA58-0CED-458B-971B-8DD6490E1EC9}.Release|Any CPU.Build.0 = Release|Any CPU
		{FFFFCDC6-8437-483D-916E-E99EBFC7B31C}.Debug|Any CPU.ActiveCfg = Debug|Any CPU
		{FFFFCDC6-8437-483D-916E-E99EBFC7B31C}.Debug|Any CPU.Build.0 = Debug|Any CPU
		{FFFFCDC6-8437-483D-916E-E99EBFC7B31C}.Release|Any CPU.ActiveCfg = Release|Any CPU
		{FFFFCDC6-8437-483D-916E-E99EBFC7B31C}.Release|Any CPU.Build.0 = Release|Any CPU
		{4F6665F0-2444-4B5B-8E26-D5EEEF598F74}.Debug|Any CPU.ActiveCfg = Debug|Any CPU
		{4F6665F0-2444-4B5B-8E26-D5EEEF598F74}.Debug|Any CPU.Build.0 = Debug|Any CPU
		{4F6665F0-2444-4B5B-8E26-D5EEEF598F74}.Release|Any CPU.ActiveCfg = Release|Any CPU
		{4F6665F0-2444-4B5B-8E26-D5EEEF598F74}.Release|Any CPU.Build.0 = Release|Any CPU
		{DD0088B0-ED7F-4272-8B97-1E504AF91F32}.Debug|Any CPU.ActiveCfg = Debug|Any CPU
		{DD0088B0-ED7F-4272-8B97-1E504AF91F32}.Debug|Any CPU.Build.0 = Debug|Any CPU
		{DD0088B0-ED7F-4272-8B97-1E504AF91F32}.Release|Any CPU.ActiveCfg = Release|Any CPU
		{DD0088B0-ED7F-4272-8B97-1E504AF91F32}.Release|Any CPU.Build.0 = Release|Any CPU
		{D4DCF9FF-2362-4A24-BEF9-DC9709F766A6}.Debug|Any CPU.ActiveCfg = Debug|Any CPU
		{D4DCF9FF-2362-4A24-BEF9-DC9709F766A6}.Debug|Any CPU.Build.0 = Debug|Any CPU
		{D4DCF9FF-2362-4A24-BEF9-DC9709F766A6}.Release|Any CPU.ActiveCfg = Release|Any CPU
		{D4DCF9FF-2362-4A24-BEF9-DC9709F766A6}.Release|Any CPU.Build.0 = Release|Any CPU
		{9647E987-AEF3-4786-845E-113A34ECFE39}.Debug|Any CPU.ActiveCfg = Debug|Any CPU
		{9647E987-AEF3-4786-845E-113A34ECFE39}.Debug|Any CPU.Build.0 = Debug|Any CPU
		{9647E987-AEF3-4786-845E-113A34ECFE39}.Release|Any CPU.ActiveCfg = Release|Any CPU
		{9647E987-AEF3-4786-845E-113A34ECFE39}.Release|Any CPU.Build.0 = Release|Any CPU
		{1919C764-D8E2-4361-8F10-081BA8321655}.Debug|Any CPU.ActiveCfg = Debug|Any CPU
		{1919C764-D8E2-4361-8F10-081BA8321655}.Debug|Any CPU.Build.0 = Debug|Any CPU
		{1919C764-D8E2-4361-8F10-081BA8321655}.Release|Any CPU.ActiveCfg = Release|Any CPU
		{1919C764-D8E2-4361-8F10-081BA8321655}.Release|Any CPU.Build.0 = Release|Any CPU
		{F5347160-DA37-4AC4-BCDD-2D2CC0C3256D}.Debug|Any CPU.ActiveCfg = Debug|Any CPU
		{F5347160-DA37-4AC4-BCDD-2D2CC0C3256D}.Debug|Any CPU.Build.0 = Debug|Any CPU
		{F5347160-DA37-4AC4-BCDD-2D2CC0C3256D}.Release|Any CPU.ActiveCfg = Release|Any CPU
		{F5347160-DA37-4AC4-BCDD-2D2CC0C3256D}.Release|Any CPU.Build.0 = Release|Any CPU
		{8D9FF741-306A-46DE-AB9F-570B9B059AE2}.Debug|Any CPU.ActiveCfg = Debug|Any CPU
		{8D9FF741-306A-46DE-AB9F-570B9B059AE2}.Debug|Any CPU.Build.0 = Debug|Any CPU
		{8D9FF741-306A-46DE-AB9F-570B9B059AE2}.Release|Any CPU.ActiveCfg = Release|Any CPU
		{8D9FF741-306A-46DE-AB9F-570B9B059AE2}.Release|Any CPU.Build.0 = Release|Any CPU
		{E7B64676-F0D8-4A22-AAA1-D7B37CE1C221}.Debug|Any CPU.ActiveCfg = Debug|Any CPU
		{E7B64676-F0D8-4A22-AAA1-D7B37CE1C221}.Debug|Any CPU.Build.0 = Debug|Any CPU
		{E7B64676-F0D8-4A22-AAA1-D7B37CE1C221}.Release|Any CPU.ActiveCfg = Release|Any CPU
		{E7B64676-F0D8-4A22-AAA1-D7B37CE1C221}.Release|Any CPU.Build.0 = Release|Any CPU
		{4706953B-8FC5-4C64-8022-A4C883CC2550}.Debug|Any CPU.ActiveCfg = Debug|Any CPU
		{4706953B-8FC5-4C64-8022-A4C883CC2550}.Debug|Any CPU.Build.0 = Debug|Any CPU
		{4706953B-8FC5-4C64-8022-A4C883CC2550}.Release|Any CPU.ActiveCfg = Release|Any CPU
		{4706953B-8FC5-4C64-8022-A4C883CC2550}.Release|Any CPU.Build.0 = Release|Any CPU
		{52103CB7-1CE8-4F77-80FE-A6DA54503035}.Debug|Any CPU.ActiveCfg = Debug|Any CPU
		{52103CB7-1CE8-4F77-80FE-A6DA54503035}.Debug|Any CPU.Build.0 = Debug|Any CPU
		{52103CB7-1CE8-4F77-80FE-A6DA54503035}.Release|Any CPU.ActiveCfg = Release|Any CPU
		{52103CB7-1CE8-4F77-80FE-A6DA54503035}.Release|Any CPU.Build.0 = Release|Any CPU
		{7F1B78BC-EBC5-4962-A648-68AC6F21C0BB}.Debug|Any CPU.ActiveCfg = Debug|Any CPU
		{7F1B78BC-EBC5-4962-A648-68AC6F21C0BB}.Debug|Any CPU.Build.0 = Debug|Any CPU
		{7F1B78BC-EBC5-4962-A648-68AC6F21C0BB}.Release|Any CPU.ActiveCfg = Release|Any CPU
		{7F1B78BC-EBC5-4962-A648-68AC6F21C0BB}.Release|Any CPU.Build.0 = Release|Any CPU
		{FE59CD69-7D61-4F93-A66A-06F69421F52D}.Debug|Any CPU.ActiveCfg = Debug|Any CPU
		{FE59CD69-7D61-4F93-A66A-06F69421F52D}.Debug|Any CPU.Build.0 = Debug|Any CPU
		{FE59CD69-7D61-4F93-A66A-06F69421F52D}.Release|Any CPU.ActiveCfg = Release|Any CPU
		{FE59CD69-7D61-4F93-A66A-06F69421F52D}.Release|Any CPU.Build.0 = Release|Any CPU
		{689BC434-3031-4526-90F6-B2F668B1EECA}.Debug|Any CPU.ActiveCfg = Debug|Any CPU
		{689BC434-3031-4526-90F6-B2F668B1EECA}.Debug|Any CPU.Build.0 = Debug|Any CPU
		{689BC434-3031-4526-90F6-B2F668B1EECA}.Release|Any CPU.ActiveCfg = Release|Any CPU
		{689BC434-3031-4526-90F6-B2F668B1EECA}.Release|Any CPU.Build.0 = Release|Any CPU
		{334BDCAE-EACE-44E2-A361-C5D6C18B823E}.Debug|Any CPU.ActiveCfg = Debug|Any CPU
		{334BDCAE-EACE-44E2-A361-C5D6C18B823E}.Debug|Any CPU.Build.0 = Debug|Any CPU
		{334BDCAE-EACE-44E2-A361-C5D6C18B823E}.Release|Any CPU.ActiveCfg = Release|Any CPU
		{334BDCAE-EACE-44E2-A361-C5D6C18B823E}.Release|Any CPU.Build.0 = Release|Any CPU
		{B9CA7BE0-FCC5-46BA-83AB-2D487BE611D0}.Debug|Any CPU.ActiveCfg = Debug|Any CPU
		{B9CA7BE0-FCC5-46BA-83AB-2D487BE611D0}.Debug|Any CPU.Build.0 = Debug|Any CPU
		{B9CA7BE0-FCC5-46BA-83AB-2D487BE611D0}.Release|Any CPU.ActiveCfg = Release|Any CPU
		{B9CA7BE0-FCC5-46BA-83AB-2D487BE611D0}.Release|Any CPU.Build.0 = Release|Any CPU
		{727AB9EC-A523-4A3B-ABE2-7D89ED67A088}.Debug|Any CPU.ActiveCfg = Debug|Any CPU
		{727AB9EC-A523-4A3B-ABE2-7D89ED67A088}.Debug|Any CPU.Build.0 = Debug|Any CPU
		{727AB9EC-A523-4A3B-ABE2-7D89ED67A088}.Release|Any CPU.ActiveCfg = Release|Any CPU
		{727AB9EC-A523-4A3B-ABE2-7D89ED67A088}.Release|Any CPU.Build.0 = Release|Any CPU
		{7E939166-5F9B-423C-BDD5-E78D976DAC3A}.Debug|Any CPU.ActiveCfg = Debug|Any CPU
		{7E939166-5F9B-423C-BDD5-E78D976DAC3A}.Debug|Any CPU.Build.0 = Debug|Any CPU
		{7E939166-5F9B-423C-BDD5-E78D976DAC3A}.Release|Any CPU.ActiveCfg = Release|Any CPU
		{7E939166-5F9B-423C-BDD5-E78D976DAC3A}.Release|Any CPU.Build.0 = Release|Any CPU
		{A27A6903-3B54-4397-A15F-836684A1C5E3}.Debug|Any CPU.ActiveCfg = Debug|Any CPU
		{A27A6903-3B54-4397-A15F-836684A1C5E3}.Debug|Any CPU.Build.0 = Debug|Any CPU
		{A27A6903-3B54-4397-A15F-836684A1C5E3}.Release|Any CPU.ActiveCfg = Release|Any CPU
		{A27A6903-3B54-4397-A15F-836684A1C5E3}.Release|Any CPU.Build.0 = Release|Any CPU
		{AA979761-D560-417F-8540-CDEC95396641}.Debug|Any CPU.ActiveCfg = Debug|Any CPU
		{AA979761-D560-417F-8540-CDEC95396641}.Debug|Any CPU.Build.0 = Debug|Any CPU
		{AA979761-D560-417F-8540-CDEC95396641}.Release|Any CPU.ActiveCfg = Release|Any CPU
		{AA979761-D560-417F-8540-CDEC95396641}.Release|Any CPU.Build.0 = Release|Any CPU
		{044012C3-AFBD-4961-93F3-6551AA4BFC9F}.Debug|Any CPU.ActiveCfg = Debug|Any CPU
		{044012C3-AFBD-4961-93F3-6551AA4BFC9F}.Debug|Any CPU.Build.0 = Debug|Any CPU
		{044012C3-AFBD-4961-93F3-6551AA4BFC9F}.Release|Any CPU.ActiveCfg = Release|Any CPU
		{044012C3-AFBD-4961-93F3-6551AA4BFC9F}.Release|Any CPU.Build.0 = Release|Any CPU
		{15F3CBFC-758D-4659-84E0-0BEA838AB963}.Debug|Any CPU.ActiveCfg = Debug|Any CPU
		{15F3CBFC-758D-4659-84E0-0BEA838AB963}.Debug|Any CPU.Build.0 = Debug|Any CPU
		{15F3CBFC-758D-4659-84E0-0BEA838AB963}.Release|Any CPU.ActiveCfg = Release|Any CPU
		{15F3CBFC-758D-4659-84E0-0BEA838AB963}.Release|Any CPU.Build.0 = Release|Any CPU
		{E3D89E72-17C2-48E3-8B56-D19D216D42AC}.Debug|Any CPU.ActiveCfg = Debug|Any CPU
		{E3D89E72-17C2-48E3-8B56-D19D216D42AC}.Debug|Any CPU.Build.0 = Debug|Any CPU
		{E3D89E72-17C2-48E3-8B56-D19D216D42AC}.Release|Any CPU.ActiveCfg = Release|Any CPU
		{E3D89E72-17C2-48E3-8B56-D19D216D42AC}.Release|Any CPU.Build.0 = Release|Any CPU
		{D06A92BB-11E9-44A0-A6B2-EED4EC41893B}.Debug|Any CPU.ActiveCfg = Debug|Any CPU
		{D06A92BB-11E9-44A0-A6B2-EED4EC41893B}.Debug|Any CPU.Build.0 = Debug|Any CPU
		{D06A92BB-11E9-44A0-A6B2-EED4EC41893B}.Release|Any CPU.ActiveCfg = Release|Any CPU
		{D06A92BB-11E9-44A0-A6B2-EED4EC41893B}.Release|Any CPU.Build.0 = Release|Any CPU
		{1661A58F-E337-4DFC-92BB-225F2CCCF6F2}.Debug|Any CPU.ActiveCfg = Debug|Any CPU
		{1661A58F-E337-4DFC-92BB-225F2CCCF6F2}.Debug|Any CPU.Build.0 = Debug|Any CPU
		{1661A58F-E337-4DFC-92BB-225F2CCCF6F2}.Release|Any CPU.ActiveCfg = Release|Any CPU
		{1661A58F-E337-4DFC-92BB-225F2CCCF6F2}.Release|Any CPU.Build.0 = Release|Any CPU
		{6B31D37B-BA3D-4AAE-8980-D126BD0E01E4}.Debug|Any CPU.ActiveCfg = Debug|Any CPU
		{6B31D37B-BA3D-4AAE-8980-D126BD0E01E4}.Debug|Any CPU.Build.0 = Debug|Any CPU
		{6B31D37B-BA3D-4AAE-8980-D126BD0E01E4}.Release|Any CPU.ActiveCfg = Release|Any CPU
		{6B31D37B-BA3D-4AAE-8980-D126BD0E01E4}.Release|Any CPU.Build.0 = Release|Any CPU
		{765050AA-9A74-4913-A9DC-813A9EFD9A04}.Debug|Any CPU.ActiveCfg = Debug|Any CPU
		{765050AA-9A74-4913-A9DC-813A9EFD9A04}.Debug|Any CPU.Build.0 = Debug|Any CPU
		{765050AA-9A74-4913-A9DC-813A9EFD9A04}.Release|Any CPU.ActiveCfg = Release|Any CPU
		{765050AA-9A74-4913-A9DC-813A9EFD9A04}.Release|Any CPU.Build.0 = Release|Any CPU
		{7CC7C2B3-4109-498A-8850-D7A87B14456A}.Debug|Any CPU.ActiveCfg = Debug|Any CPU
		{7CC7C2B3-4109-498A-8850-D7A87B14456A}.Debug|Any CPU.Build.0 = Debug|Any CPU
		{7CC7C2B3-4109-498A-8850-D7A87B14456A}.Release|Any CPU.ActiveCfg = Release|Any CPU
		{7CC7C2B3-4109-498A-8850-D7A87B14456A}.Release|Any CPU.Build.0 = Release|Any CPU
		{64C8212F-B76C-4D7B-987D-BC06026B05DB}.Debug|Any CPU.ActiveCfg = Debug|Any CPU
		{64C8212F-B76C-4D7B-987D-BC06026B05DB}.Debug|Any CPU.Build.0 = Debug|Any CPU
		{64C8212F-B76C-4D7B-987D-BC06026B05DB}.Release|Any CPU.ActiveCfg = Release|Any CPU
		{64C8212F-B76C-4D7B-987D-BC06026B05DB}.Release|Any CPU.Build.0 = Release|Any CPU
		{3DEE081A-7FF6-4408-A0A8-B526ABAFA94B}.Debug|Any CPU.ActiveCfg = Debug|Any CPU
		{3DEE081A-7FF6-4408-A0A8-B526ABAFA94B}.Debug|Any CPU.Build.0 = Debug|Any CPU
		{3DEE081A-7FF6-4408-A0A8-B526ABAFA94B}.Release|Any CPU.ActiveCfg = Release|Any CPU
		{3DEE081A-7FF6-4408-A0A8-B526ABAFA94B}.Release|Any CPU.Build.0 = Release|Any CPU
		{A256CA13-417C-4834-BA5D-9BD3F1AA9EFE}.Debug|Any CPU.ActiveCfg = Debug|Any CPU
		{A256CA13-417C-4834-BA5D-9BD3F1AA9EFE}.Debug|Any CPU.Build.0 = Debug|Any CPU
		{A256CA13-417C-4834-BA5D-9BD3F1AA9EFE}.Release|Any CPU.ActiveCfg = Release|Any CPU
		{A256CA13-417C-4834-BA5D-9BD3F1AA9EFE}.Release|Any CPU.Build.0 = Release|Any CPU
		{443D45BC-2D97-444B-8523-2C8EFBDA7BE7}.Debug|Any CPU.ActiveCfg = Debug|Any CPU
		{443D45BC-2D97-444B-8523-2C8EFBDA7BE7}.Debug|Any CPU.Build.0 = Debug|Any CPU
		{443D45BC-2D97-444B-8523-2C8EFBDA7BE7}.Release|Any CPU.ActiveCfg = Release|Any CPU
		{443D45BC-2D97-444B-8523-2C8EFBDA7BE7}.Release|Any CPU.Build.0 = Release|Any CPU
		{B25FBB29-9068-422D-9828-E88E3E8800E9}.Debug|Any CPU.ActiveCfg = Debug|Any CPU
		{B25FBB29-9068-422D-9828-E88E3E8800E9}.Debug|Any CPU.Build.0 = Debug|Any CPU
		{B25FBB29-9068-422D-9828-E88E3E8800E9}.Release|Any CPU.ActiveCfg = Release|Any CPU
		{B25FBB29-9068-422D-9828-E88E3E8800E9}.Release|Any CPU.Build.0 = Release|Any CPU
		{F6EE50E9-3EC9-4255-B79A-9F97A24D1073}.Debug|Any CPU.ActiveCfg = Debug|Any CPU
		{F6EE50E9-3EC9-4255-B79A-9F97A24D1073}.Debug|Any CPU.Build.0 = Debug|Any CPU
		{F6EE50E9-3EC9-4255-B79A-9F97A24D1073}.Release|Any CPU.ActiveCfg = Release|Any CPU
		{F6EE50E9-3EC9-4255-B79A-9F97A24D1073}.Release|Any CPU.Build.0 = Release|Any CPU
	EndGlobalSection
	GlobalSection(SolutionProperties) = preSolution
		HideSolutionNode = FALSE
	EndGlobalSection
	GlobalSection(NestedProjects) = preSolution
		{7F96BE34-35D3-4F26-B287-6D26EE2EBC68} = {CC893FFD-4C0D-4A51-8B35-EDEA5C6D239D}
		{490ECB10-B656-4AAE-8182-DA7BA716FA4A} = {CC893FFD-4C0D-4A51-8B35-EDEA5C6D239D}
		{A2871E48-0B0F-4F6C-8F09-732F8CD9969D} = {CC893FFD-4C0D-4A51-8B35-EDEA5C6D239D}
		{4A40E4B9-B0C8-4F79-B2BD-978DACC9288F} = {CC893FFD-4C0D-4A51-8B35-EDEA5C6D239D}
		{FC6B31AE-ABE1-4516-8C63-D6881835473F} = {CC893FFD-4C0D-4A51-8B35-EDEA5C6D239D}
		{C66484F6-5CCD-4B64-BDAD-C60FCCDAC660} = {09A4A9D0-CABB-43EC-80DA-13431B74F778}
		{DF49DC88-A4EC-43E7-8715-EC70FF5B7ABB} = {09A4A9D0-CABB-43EC-80DA-13431B74F778}
		{4B2FA2B5-ECCE-44D6-AC90-C2899ABDFB32} = {09A4A9D0-CABB-43EC-80DA-13431B74F778}
		{96D0F97B-23B2-4844-B302-60341509770E} = {09A4A9D0-CABB-43EC-80DA-13431B74F778}
		{B201EF7E-51DE-47B9-8C76-F62BAFAB0217} = {09A4A9D0-CABB-43EC-80DA-13431B74F778}
		{F120B87D-BC8B-4453-AB2D-E2DEEECC3F87} = {CC893FFD-4C0D-4A51-8B35-EDEA5C6D239D}
		{47BEBA58-0CED-458B-971B-8DD6490E1EC9} = {09A4A9D0-CABB-43EC-80DA-13431B74F778}
		{FFFFCDC6-8437-483D-916E-E99EBFC7B31C} = {68960459-6070-4AED-B30F-D45E918F991E}
		{4F6665F0-2444-4B5B-8E26-D5EEEF598F74} = {68960459-6070-4AED-B30F-D45E918F991E}
		{DD0088B0-ED7F-4272-8B97-1E504AF91F32} = {68960459-6070-4AED-B30F-D45E918F991E}
		{D4DCF9FF-2362-4A24-BEF9-DC9709F766A6} = {68960459-6070-4AED-B30F-D45E918F991E}
		{9647E987-AEF3-4786-845E-113A34ECFE39} = {68960459-6070-4AED-B30F-D45E918F991E}
		{1919C764-D8E2-4361-8F10-081BA8321655} = {68960459-6070-4AED-B30F-D45E918F991E}
		{8D9FF741-306A-46DE-AB9F-570B9B059AE2} = {09A4A9D0-CABB-43EC-80DA-13431B74F778}
		{E7B64676-F0D8-4A22-AAA1-D7B37CE1C221} = {68960459-6070-4AED-B30F-D45E918F991E}
		{4706953B-8FC5-4C64-8022-A4C883CC2550} = {68960459-6070-4AED-B30F-D45E918F991E}
		{52103CB7-1CE8-4F77-80FE-A6DA54503035} = {A1C17753-5BBA-48E7-AF06-DC51F2574AEC}
		{7F1B78BC-EBC5-4962-A648-68AC6F21C0BB} = {A1C17753-5BBA-48E7-AF06-DC51F2574AEC}
		{FE59CD69-7D61-4F93-A66A-06F69421F52D} = {A1C17753-5BBA-48E7-AF06-DC51F2574AEC}
		{689BC434-3031-4526-90F6-B2F668B1EECA} = {A1C17753-5BBA-48E7-AF06-DC51F2574AEC}
		{334BDCAE-EACE-44E2-A361-C5D6C18B823E} = {A1C17753-5BBA-48E7-AF06-DC51F2574AEC}
		{B9CA7BE0-FCC5-46BA-83AB-2D487BE611D0} = {A1C17753-5BBA-48E7-AF06-DC51F2574AEC}
		{727AB9EC-A523-4A3B-ABE2-7D89ED67A088} = {A1C17753-5BBA-48E7-AF06-DC51F2574AEC}
		{7E939166-5F9B-423C-BDD5-E78D976DAC3A} = {A1C17753-5BBA-48E7-AF06-DC51F2574AEC}
		{A27A6903-3B54-4397-A15F-836684A1C5E3} = {A1C17753-5BBA-48E7-AF06-DC51F2574AEC}
		{AA979761-D560-417F-8540-CDEC95396641} = {A1C17753-5BBA-48E7-AF06-DC51F2574AEC}
		{044012C3-AFBD-4961-93F3-6551AA4BFC9F} = {A1C17753-5BBA-48E7-AF06-DC51F2574AEC}
		{15F3CBFC-758D-4659-84E0-0BEA838AB963} = {A1C17753-5BBA-48E7-AF06-DC51F2574AEC}
		{E3D89E72-17C2-48E3-8B56-D19D216D42AC} = {A1C17753-5BBA-48E7-AF06-DC51F2574AEC}
		{D06A92BB-11E9-44A0-A6B2-EED4EC41893B} = {A1C17753-5BBA-48E7-AF06-DC51F2574AEC}
		{1661A58F-E337-4DFC-92BB-225F2CCCF6F2} = {A1C17753-5BBA-48E7-AF06-DC51F2574AEC}
		{6B31D37B-BA3D-4AAE-8980-D126BD0E01E4} = {A1C17753-5BBA-48E7-AF06-DC51F2574AEC}
		{765050AA-9A74-4913-A9DC-813A9EFD9A04} = {A1C17753-5BBA-48E7-AF06-DC51F2574AEC}
		{7CC7C2B3-4109-498A-8850-D7A87B14456A} = {A1C17753-5BBA-48E7-AF06-DC51F2574AEC}
		{64C8212F-B76C-4D7B-987D-BC06026B05DB} = {706E3837-EC72-476C-A496-AAF9035B0116}
		{3DEE081A-7FF6-4408-A0A8-B526ABAFA94B} = {706E3837-EC72-476C-A496-AAF9035B0116}
		{A256CA13-417C-4834-BA5D-9BD3F1AA9EFE} = {706E3837-EC72-476C-A496-AAF9035B0116}
		{443D45BC-2D97-444B-8523-2C8EFBDA7BE7} = {706E3837-EC72-476C-A496-AAF9035B0116}
		{B25FBB29-9068-422D-9828-E88E3E8800E9} = {706E3837-EC72-476C-A496-AAF9035B0116}
		{F6EE50E9-3EC9-4255-B79A-9F97A24D1073} = {706E3837-EC72-476C-A496-AAF9035B0116}
	EndGlobalSection
	GlobalSection(ExtensibilityGlobals) = postSolution
		SolutionGuid = {95A803EA-CF3F-47FE-8F60-99F3B955FFD7}
	EndGlobalSection
EndGlobal
