
Microsoft Visual Studio Solution File, Format Version 12.00
# Visual Studio Version 16
VisualStudioVersion = 16.0.30503.244
MinimumVisualStudioVersion = 10.0.40219.1
Project("{FAE04EC0-301F-11D3-BF4B-00C04F79EFBC}") = "001_HelloWorld", "001_HelloWorld\001_HelloWorld.csproj", "{7F96BE34-35D3-4F26-B287-6D26EE2EBC68}"
EndProject
Project("{9A19103F-16F7-4668-BE54-9A1E7A4F7556}") = "002_Jak_se_jmenujes", "002_Jak_se_jmenujes\002_Jak_se_jmenujes.csproj", "{490ECB10-B656-4AAE-8182-DA7BA716FA4A}"
EndProject
Project("{9A19103F-16F7-4668-BE54-9A1E7A4F7556}") = "003_Zvetseni_cisla", "003_zvetseni_cisla\003_Zvetseni_cisla.csproj", "{A2871E48-0B0F-4F6C-8F09-732F8CD9969D}"
EndProject
Project("{9A19103F-16F7-4668-BE54-9A1E7A4F7556}") = "004_Typ_double", "004_typ_double\004_Typ_double.csproj", "{4A40E4B9-B0C8-4F79-B2BD-978DACC9288F}"
EndProject
Project("{9A19103F-16F7-4668-BE54-9A1E7A4F7556}") = "005_Typ_char", "005_Typ_char\005_Typ_char.csproj", "{FC6B31AE-ABE1-4516-8C63-D6881835473F}"
EndProject
Project("{9A19103F-16F7-4668-BE54-9A1E7A4F7556}") = "006_Podminka", "006_Podminka\006_Podminka.csproj", "{C66484F6-5CCD-4B64-BDAD-C60FCCDAC660}"
EndProject
Project("{9A19103F-16F7-4668-BE54-9A1E7A4F7556}") = "007_Je_sude", "007_Je_sude\007_Je_sude.csproj", "{DF49DC88-A4EC-43E7-8715-EC70FF5B7ABB}"
EndProject
Project("{9A19103F-16F7-4668-BE54-9A1E7A4F7556}") = "008_Vetsi_podminka", "008_vetsi_podminka\008_Vetsi_podminka.csproj", "{4B2FA2B5-ECCE-44D6-AC90-C2899ABDFB32}"
EndProject
Project("{9A19103F-16F7-4668-BE54-9A1E7A4F7556}") = "009_typ_boolean", "009_typ_boolean\009_typ_boolean.csproj", "{96D0F97B-23B2-4844-B302-60341509770E}"
EndProject
Project("{9A19103F-16F7-4668-BE54-9A1E7A4F7556}") = "010_boolean_vysledek", "010_boolean_vysledek\010_boolean_vysledek.csproj", "{B201EF7E-51DE-47B9-8C76-F62BAFAB0217}"
EndProject
Project("{2150E333-8FDC-42A3-9474-1A3956D46DE8}") = "01-uvod_do_konzole", "01-uvod_do_konzole", "{CC893FFD-4C0D-4A51-8B35-EDEA5C6D239D}"
EndProject
Project("{2150E333-8FDC-42A3-9474-1A3956D46DE8}") = "02-podminky", "02-podminky", "{09A4A9D0-CABB-43EC-80DA-13431B74F778}"
EndProject
Project("{9A19103F-16F7-4668-BE54-9A1E7A4F7556}") = "005b_retezce", "005b_retezce\005b_retezce.csproj", "{F120B87D-BC8B-4453-AB2D-E2DEEECC3F87}"
EndProject
Project("{9A19103F-16F7-4668-BE54-9A1E7A4F7556}") = "011-nahodna-cisla", "011-nahodna-cisla\011-nahodna-cisla.csproj", "{47BEBA58-0CED-458B-971B-8DD6490E1EC9}"
EndProject
Project("{2150E333-8FDC-42A3-9474-1A3956D46DE8}") = "03-while", "03-while", "{68960459-6070-4AED-B30F-D45E918F991E}"
EndProject
Project("{9A19103F-16F7-4668-BE54-9A1E7A4F7556}") = "012-pocitani-do-10", "012-pocitani-do-10\012-pocitani-do-10.csproj", "{FFFFCDC6-8437-483D-916E-E99EBFC7B31C}"
EndProject
Project("{9A19103F-16F7-4668-BE54-9A1E7A4F7556}") = "013-den-v-tydnu", "013-den-v-tydnu\013-den-v-tydnu.csproj", "{4F6665F0-2444-4B5B-8E26-D5EEEF598F74}"
EndProject
Project("{9A19103F-16F7-4668-BE54-9A1E7A4F7556}") = "014-kolik-hodu-do-sestky", "014-kolik-hodu-do-sestky\014-kolik-hodu-do-sestky.csproj", "{DD0088B0-ED7F-4272-8B97-1E504AF91F32}"
EndProject
Project("{9A19103F-16F7-4668-BE54-9A1E7A4F7556}") = "015-do-while", "015-do-while\015-do-while.csproj", "{D4DCF9FF-2362-4A24-BEF9-DC9709F766A6}"
EndProject
Project("{9A19103F-16F7-4668-BE54-9A1E7A4F7556}") = "016-do-while-kolik-do-sestky", "016-do-while-kolik-do-sestky\016-do-while-kolik-do-sestky.csproj", "{9647E987-AEF3-4786-845E-113A34ECFE39}"
EndProject
Project("{9A19103F-16F7-4668-BE54-9A1E7A4F7556}") = "017-while-opak-prochazeni-intervalu", "017-while-opak-prochazeni-intervalu\017-while-opak-prochazeni-intervalu.csproj", "{1919C764-D8E2-4361-8F10-081BA8321655}"
EndProject
Project("{9A19103F-16F7-4668-BE54-9A1E7A4F7556}") = "tmp", "tmp\tmp.csproj", "{F5347160-DA37-4AC4-BCDD-2D2CC0C3256D}"
EndProject
Project("{9A19103F-16F7-4668-BE54-9A1E7A4F7556}") = "018-test-hrnecky", "018-test-hrnecky\018-test-hrnecky.csproj", "{8D9FF741-306A-46DE-AB9F-570B9B059AE2}"
EndProject
Project("{9A19103F-16F7-4668-BE54-9A1E7A4F7556}") = "019-While-Minimum", "019-While-Minimum\019-While-Minimum.csproj", "{E7B64676-F0D8-4A22-AAA1-D7B37CE1C221}"
EndProject
Project("{9A19103F-16F7-4668-BE54-9A1E7A4F7556}") = "020-TryParse", "020-TryParse\020-TryParse.csproj", "{4706953B-8FC5-4C64-8022-A4C883CC2550}"
EndProject
Project("{2150E333-8FDC-42A3-9474-1A3956D46DE8}") = "04-for", "04-for", "{A1C17753-5BBA-48E7-AF06-DC51F2574AEC}"
EndProject
Project("{9A19103F-16F7-4668-BE54-9A1E7A4F7556}") = "021-for-ukazka", "021-for-ukazka\021-for-ukazka.csproj", "{52103CB7-1CE8-4F77-80FE-A6DA54503035}"
EndProject
Project("{9A19103F-16F7-4668-BE54-9A1E7A4F7556}") = "022-for-ukazka-opisovani", "022-for-ukazka-opisovani\022-for-ukazka-opisovani.csproj", "{7F1B78BC-EBC5-4962-A648-68AC6F21C0BB}"
EndProject
Project("{9A19103F-16F7-4668-BE54-9A1E7A4F7556}") = "023-for-ukazka-nasobilka", "023-for-ukazka-nasobilka\023-for-ukazka-nasobilka.csproj", "{FE59CD69-7D61-4F93-A66A-06F69421F52D}"
EndProject
Project("{9A19103F-16F7-4668-BE54-9A1E7A4F7556}") = "024-for-ukazka-delitele", "024-for-ukazka-delitele\024-for-ukazka-delitele.csproj", "{689BC434-3031-4526-90F6-B2F668B1EECA}"
EndProject
Project("{9A19103F-16F7-4668-BE54-9A1E7A4F7556}") = "025-for-znaky-v-retezci", "025-for-znaky-v-retezci\025-for-znaky-v-retezci.csproj", "{334BDCAE-EACE-44E2-A361-C5D6C18B823E}"
EndProject
Project("{9A19103F-16F7-4668-BE54-9A1E7A4F7556}") = "026-for-ukazky-zasifruj", "026-for-ukazky-zasifruj\026-for-ukazky-zasifruj.csproj", "{B9CA7BE0-FCC5-46BA-83AB-2D487BE611D0}"
EndProject
Project("{9A19103F-16F7-4668-BE54-9A1E7A4F7556}") = "027-For-Maskovani-2", "027-For-Maskovani-2\027-For-Maskovani-2.csproj", "{727AB9EC-A523-4A3B-ABE2-7D89ED67A088}"
EndProject
Project("{9A19103F-16F7-4668-BE54-9A1E7A4F7556}") = "028-for-demaskovani", "028-for-demaskovani\028-for-demaskovani.csproj", "{7E939166-5F9B-423C-BDD5-E78D976DAC3A}"
EndProject
Project("{9A19103F-16F7-4668-BE54-9A1E7A4F7556}") = "029-For-Caesarova-sifra", "029-For-Caesarova-sifra\029-For-Caesarova-sifra.csproj", "{A27A6903-3B54-4397-A15F-836684A1C5E3}"
EndProject
Project("{9A19103F-16F7-4668-BE54-9A1E7A4F7556}") = "030-For-Vnorene-cykly-Vsechny-kombinace", "030-For-Vnorene-cykly-Vsechny-kombinace\030-For-Vnorene-cykly-Vsechny-kombinace.csproj", "{AA979761-D560-417F-8540-CDEC95396641}"
EndProject
Project("{9A19103F-16F7-4668-BE54-9A1E7A4F7556}") = "031-For-Dominove-kostky", "031-For-Dominova-kostky\031-For-Dominove-kostky.csproj", "{044012C3-AFBD-4961-93F3-6551AA4BFC9F}"
EndProject
Project("{9A19103F-16F7-4668-BE54-9A1E7A4F7556}") = "032-For-trojuhelnik-typ-b", "032-For-trojuhelnik-typ-b\032-For-trojuhelnik-typ-b.csproj", "{15F3CBFC-758D-4659-84E0-0BEA838AB963}"
EndProject
Project("{9A19103F-16F7-4668-BE54-9A1E7A4F7556}") = "033-For-Algebrogramy", "033-For-Algebrogramy\033-For-Algebrogramy.csproj", "{E3D89E72-17C2-48E3-8B56-D19D216D42AC}"
EndProject
Project("{9A19103F-16F7-4668-BE54-9A1E7A4F7556}") = "034-For-Sachovnice", "034-For-Sachovnice\034-For-Sachovnice.csproj", "{D06A92BB-11E9-44A0-A6B2-EED4EC41893B}"
EndProject
Project("{9A19103F-16F7-4668-BE54-9A1E7A4F7556}") = "035-Bin2Dec", "035-Bin2Dec\035-Bin2Dec.csproj", "{1661A58F-E337-4DFC-92BB-225F2CCCF6F2}"
EndProject
Project("{9A19103F-16F7-4668-BE54-9A1E7A4F7556}") = "036-For-Dec2Bin", "036-For-Dec2Bin\036-For-Dec2Bin.csproj", "{6B31D37B-BA3D-4AAE-8980-D126BD0E01E4}"
EndProject
Project("{9A19103F-16F7-4668-BE54-9A1E7A4F7556}") = "037-For-Je-prvocislo", "037-For-Je-prvocislo\037-For-Je-prvocislo.csproj", "{765050AA-9A74-4913-A9DC-813A9EFD9A04}"
EndProject
Project("{9A19103F-16F7-4668-BE54-9A1E7A4F7556}") = "038-For-Faktorial", "038-For-Faktorial\038-For-Faktorial.csproj", "{7CC7C2B3-4109-498A-8850-D7A87B14456A}"
EndProject
Project("{2150E333-8FDC-42A3-9474-1A3956D46DE8}") = "05-pole", "05-pole", "{706E3837-EC72-476C-A496-AAF9035B0116}"
EndProject
Project("{9A19103F-16F7-4668-BE54-9A1E7A4F7556}") = "039-Vanocni-vyzva", "039-Vanocni-vyzva\039-Vanocni-vyzva.csproj", "{64C8212F-B76C-4D7B-987D-BC06026B05DB}"
EndProject
Project("{9A19103F-16F7-4668-BE54-9A1E7A4F7556}") = "040-Vanocni-vyzva-reseni", "040-Vanocni-vyzva-reseni\040-Vanocni-vyzva-reseni.csproj", "{3DEE081A-7FF6-4408-A0A8-B526ABAFA94B}"
EndProject
Project("{9A19103F-16F7-4668-BE54-9A1E7A4F7556}") = "041-Pole-Ukazky", "041-Pole-ukazky\041-Pole-Ukazky.csproj", "{A256CA13-417C-4834-BA5D-9BD3F1AA9EFE}"
EndProject
Project("{9A19103F-16F7-4668-BE54-9A1E7A4F7556}") = "042-Pole-Naplneni-a-vypis", "042-Pole-Naplneni-a-vypis\042-Pole-Naplneni-a-vypis.csproj", "{443D45BC-2D97-444B-8523-2C8EFBDA7BE7}"
EndProject
Project("{9A19103F-16F7-4668-BE54-9A1E7A4F7556}") = "043-Pole-Pocet-nulovych-prvku", "043-Pole-Pocet-nulovych-prvku\043-Pole-Pocet-nulovych-prvku.csproj", "{B25FBB29-9068-422D-9828-E88E3E8800E9}"
EndProject
Project("{9A19103F-16F7-4668-BE54-9A1E7A4F7556}") = "044-Pole-Soucet-prvku-na-sude-pozici", "043-Pole-Soucet-prvku-na-sude-pozici\044-Pole-Soucet-prvku-na-sude-pozici.csproj", "{F6EE50E9-3EC9-4255-B79A-9F97A24D1073}"
EndProject
Project("{9A19103F-16F7-4668-BE54-9A1E7A4F7556}") = "045-Pole-Split-a-Join", "045-Split-a-Join\045-Pole-Split-a-Join.csproj", "{0C1768E7-3127-46C1-9350-E4D805874B35}"
EndProject
Project("{9A19103F-16F7-4668-BE54-9A1E7A4F7556}") = "046-Pole-Paralelni-pole", "046-Pole-Paralelni-pole\046-Pole-Paralelni-pole.csproj", "{CD530F8A-1D1D-4872-B174-2326C6C52F18}"
EndProject
Project("{2150E333-8FDC-42A3-9474-1A3956D46DE8}") = "06-metody", "06-metody", "{D7BD359B-FCD7-47A7-B9B4-0C265971D78C}"
EndProject
Project("{9A19103F-16F7-4668-BE54-9A1E7A4F7556}") = "047-Metody-demo-1", "047-Metody-demo-1\047-Metody-demo-1.csproj", "{F9230E85-9F3B-4F8A-9F79-5A82A2DEED5A}"
EndProject
Project("{9A19103F-16F7-4668-BE54-9A1E7A4F7556}") = "048-metody-syntaxe", "048-metody-syntaxe\048-metody-syntaxe.csproj", "{0A6F24E9-DE89-4D76-BFF1-529D4EB97004}"
EndProject
Project("{9A19103F-16F7-4668-BE54-9A1E7A4F7556}") = "049-Metody-navratova-hodnota", "049-Metody-navratova-hodnota\049-Metody-navratova-hodnota.csproj", "{EE621D77-D78D-49E8-BA41-3EB617FFB8A9}"
EndProject
Project("{2150E333-8FDC-42A3-9474-1A3956D46DE8}") = "07-2D_3D_ND-pole", "07-2D_3D_ND-pole", "{464D54D2-D8B4-4B87-849E-C8A13B769B44}"
EndProject
Project("{9A19103F-16F7-4668-BE54-9A1E7A4F7556}") = "053-2D-pole-demo", "053-2D-pole-demo\053-2D-pole-demo.csproj", "{F957DAAF-F509-4BAB-84E5-E985AA89CF0C}"
EndProject
Project("{9A19103F-16F7-4668-BE54-9A1E7A4F7556}") = "054-2D_pole-maximum", "054-2D_pole-maximum\054-2D_pole-maximum.csproj", "{7647927D-8CEE-4BD0-A9C5-E977FF520502}"
EndProject
Project("{9A19103F-16F7-4668-BE54-9A1E7A4F7556}") = "055-max-radek", "055-max-radek\055-max-radek.csproj", "{CE21BDC5-064A-47C8-BC65-A6C0EF4DDE3E}"
EndProject
Project("{2150E333-8FDC-42A3-9474-1A3956D46DE8}") = "08-Aplikace", "08-Aplikace", "{4912F082-50EC-4D4A-993E-E60E9A4698F5}"
EndProject
Project("{2150E333-8FDC-42A3-9474-1A3956D46DE8}") = "Pripravy", "Pripravy", "{44A58E33-D221-425D-BBD8-A063586526AC}"
EndProject
Project("{9A19103F-16F7-4668-BE54-9A1E7A4F7556}") = "xyz-life", "xyz-life\xyz-life.csproj", "{29158F4D-47E7-43EF-860F-BDA956A69E91}"
EndProject
Project("{9A19103F-16F7-4668-BE54-9A1E7A4F7556}") = "xyz-minesweeper", "xyz-minesweeper\xyz-minesweeper.csproj", "{B0F0013E-3C2D-4653-88BF-453838D3F167}"
EndProject
Project("{9A19103F-16F7-4668-BE54-9A1E7A4F7556}") = "xyz-navalbattle", "xyz-navalbattle\xyz-navalbattle.csproj", "{301AF1FF-5E3F-4EF0-AD48-A06B6286C267}"
EndProject
Project("{9A19103F-16F7-4668-BE54-9A1E7A4F7556}") = "056-Minesweeper", "056-Minesweeper\056-Minesweeper.csproj", "{21E1B5FA-8E37-4BA1-AADF-9F6C122B7F93}"
EndProject
Project("{9A19103F-16F7-4668-BE54-9A1E7A4F7556}") = "050-ukazka-JeKladne", "050-ukazka-JeKladne\050-ukazka-JeKladne.csproj", "{047827C3-B6EE-46A4-820B-7B895E65C766}"
EndProject
Project("{9A19103F-16F7-4668-BE54-9A1E7A4F7556}") = "051-ukazka-nacteni-cisla", "051-ukazka-nacteni-cisla\051-ukazka-nacteni-cisla.csproj", "{72B0CB11-E69B-4C5E-8416-91CC448D48CB}"
EndProject
Project("{9A19103F-16F7-4668-BE54-9A1E7A4F7556}") = "052-ukazka-Jsou-vsechna-licha", "052-ukazka-Jsou-vsechna-licha\052-ukazka-Jsou-vsechna-licha.csproj", "{295ACD64-73FC-4D2F-AE42-EB7D48FDFC70}"
EndProject
Project("{9A19103F-16F7-4668-BE54-9A1E7A4F7556}") = "057-Game-of-life", "057-Game-of-life\057-Game-of-life.csproj", "{BCFC10BA-3B77-48F5-BD4A-75AF300524C6}"
EndProject
Project("{9A19103F-16F7-4668-BE54-9A1E7A4F7556}") = "xyz-life-fast", "xyz-life-fast\xyz-life-fast.csproj", "{3B852137-E136-46C2-AF3A-EC1C92BDA765}"
EndProject
Project("{9A19103F-16F7-4668-BE54-9A1E7A4F7556}") = "xyz-rekurze-prochazeni", "xyz-rekurze-prochazeni\xyz-rekurze-prochazeni.csproj", "{AC8B9172-AC66-4451-B11C-2A0EB641A01F}"
EndProject
Project("{2150E333-8FDC-42A3-9474-1A3956D46DE8}") = "09-Rekurze", "09-Rekurze", "{370BA92B-EE3F-4172-8748-52DA1D264A46}"
EndProject
Project("{9A19103F-16F7-4668-BE54-9A1E7A4F7556}") = "058-Rekurze-Faktorial", "058-Rekurze-Faktorial\058-Rekurze-Faktorial.csproj", "{C6BF081E-EB61-4794-876B-DF82E0ACB5E4}"
EndProject
Project("{9A19103F-16F7-4668-BE54-9A1E7A4F7556}") = "059-Rekurze-Soucet-pole", "059-Rekurze-Soucet-pole\059-Rekurze-Soucet-pole.csproj", "{AB59EE98-19AB-4B5E-A19D-AAFE818B1D20}"
EndProject
Project("{9A19103F-16F7-4668-BE54-9A1E7A4F7556}") = "060-Rekurze-Vsechna-suda", "060-Rekurze-Vsechna-suda\060-Rekurze-Vsechna-suda.csproj", "{C6C54F8F-0F13-4FAC-84E3-3AADB852DC94}"
EndProject
Project("{9A19103F-16F7-4668-BE54-9A1E7A4F7556}") = "061-Rekurze-Vypis-adresare", "061-Rekurze-vypis-adresare\061-Rekurze-Vypis-adresare.csproj", "{8B7181EC-0F95-4688-A44E-25C8BB126E2D}"
EndProject
Project("{9A19103F-16F7-4668-BE54-9A1E7A4F7556}") = "062-Rekurze-Palindrom", "062-Rekurze-palindrom\062-Rekurze-Palindrom.csproj", "{6229E58E-FDB6-48E3-8E49-71199C055291}"
EndProject
Project("{9A19103F-16F7-4668-BE54-9A1E7A4F7556}") = "xyz-Damy", "xyz-Damy\xyz-Damy.csproj", "{79CD8BEE-01EF-4673-9A7C-1C757599C249}"
EndProject
Project("{9A19103F-16F7-4668-BE54-9A1E7A4F7556}") = "063-Rekurze-Umisti-Damy", "063-Rekurze-Umisti-Damy\063-Rekurze-Umisti-Damy.csproj", "{7B80912E-99BA-496D-8B76-115EE375E821}"
EndProject
Project("{9A19103F-16F7-4668-BE54-9A1E7A4F7556}") = "064-Fibonacci", "064-Fibonacci\064-Fibonacci.csproj", "{ADA02AC5-F0E7-492A-A726-15C81E999D9B}"
EndProject
Project("{9A19103F-16F7-4668-BE54-9A1E7A4F7556}") = "xyz-karel", "xyz-karel\xyz-karel.csproj", "{08681985-AD63-47CA-8FCC-06BC5BFD1853}"
EndProject
Project("{2150E333-8FDC-42A3-9474-1A3956D46DE8}") = "10-Enum-Exceptions-apod", "10-Enum-Exceptions-apod", "{5483F6BB-DA4A-440A-8092-F34875792A0A}"
EndProject
Project("{9A19103F-16F7-4668-BE54-9A1E7A4F7556}") = "065-Enum", "065-Enum\065-Enum.csproj", "{EEB46462-6268-40A7-AE06-B4AC497CB0AD}"
EndProject
Project("{9A19103F-16F7-4668-BE54-9A1E7A4F7556}") = "066-Enum-barva-karet", "066-Enum-barva-karet\066-Enum-barva-karet.csproj", "{26BE1E09-676C-4A0B-B50E-826333F102EE}"
EndProject
Project("{9A19103F-16F7-4668-BE54-9A1E7A4F7556}") = "067-Minesweeper-enum", "067-Minesweeper-enum\067-Minesweeper-enum.csproj", "{E511F031-2F93-42BA-8385-56DF30B741B3}"
EndProject
Project("{9A19103F-16F7-4668-BE54-9A1E7A4F7556}") = "068-Exceptions", "068-Exceptions\068-Exceptions.csproj", "{8ABEE092-2A78-46A8-A4D4-17EC8D49BCAB}"
EndProject
Project("{2150E333-8FDC-42A3-9474-1A3956D46DE8}") = "11-Objekty", "11-Objekty", "{01D5FC47-E703-49E0-A8D1-9C8F864E41E5}"
EndProject
Project("{9A19103F-16F7-4668-BE54-9A1E7A4F7556}") = "069a-OOP-uvod", "069-OOP-uvod\069a-OOP-uvod.csproj", "{5BC4B0E7-4FF2-46FB-B373-C82C2CBA2040}"
EndProject
Project("{9A19103F-16F7-4668-BE54-9A1E7A4F7556}") = "070-Kruznice-setter", "070-Kruznice-setter\070-Kruznice-setter.csproj", "{38EB18F0-EF28-499A-ABD3-81861EF97652}"
EndProject
Project("{9A19103F-16F7-4668-BE54-9A1E7A4F7556}") = "071-Kruznice-konstruktor", "071-Kruznice-konstruktor\071-Kruznice-konstruktor.csproj", "{24748486-F9FD-4E97-A089-387FEF1B960E}"
EndProject
Project("{9A19103F-16F7-4668-BE54-9A1E7A4F7556}") = "069b-Objekty-a-pole", "069b-Objekty-a-pole\069b-Objekty-a-pole.csproj", "{314EAE69-7C7C-4991-87C0-FF980FFAF7FF}"
EndProject
Project("{9A19103F-16F7-4668-BE54-9A1E7A4F7556}") = "072-Kruznice-Vlastnosti", "072-Kruznice-Vlastnosti\072-Kruznice-Vlastnosti.csproj", "{D6777BB9-04B3-4A5B-88A0-B626A3279617}"
EndProject
Project("{9A19103F-16F7-4668-BE54-9A1E7A4F7556}") = "073-Ucet", "073-Ucet\073-Ucet.csproj", "{8FA3BC2C-58AF-445A-B6C4-ACC35DB9BB33}"
EndProject
Project("{9A19103F-16F7-4668-BE54-9A1E7A4F7556}") = "074-Bod", "074-Bod\074-Bod.csproj", "{D6650CE0-2F82-4159-92DF-637E08263892}"
EndProject
Project("{9A19103F-16F7-4668-BE54-9A1E7A4F7556}") = "075-Umisteny-obdelnik", "075-Umisteny-obdelnik\075-Umisteny-obdelnik.csproj", "{F14FC16B-11D1-4953-90A4-018F2ECA92BA}"
EndProject
Project("{9A19103F-16F7-4668-BE54-9A1E7A4F7556}") = "xzz-navalBattle", "xzz-navalBattle\xzz-navalBattle.csproj", "{53BB577A-274A-40EF-82B8-5A04A49688DE}"
EndProject
Project("{9A19103F-16F7-4668-BE54-9A1E7A4F7556}") = "076-Naval-battle", "076-Naval-battle\076-Naval-battle.csproj", "{43D9DBB8-36DD-4B68-88BD-2ABBAB13F34F}"
EndProject
Project("{9A19103F-16F7-4668-BE54-9A1E7A4F7556}") = "xyz-kolekce", "xyz-kolekce\xyz-kolekce.csproj", "{6DE7DF5C-18F3-4519-8AF4-21D269F06694}"
EndProject
Project("{2150E333-8FDC-42A3-9474-1A3956D46DE8}") = "13-Kolekce", "13-Kolekce", "{661C6001-C5C4-40D7-AAC6-489937261D67}"
EndProject
Project("{9A19103F-16F7-4668-BE54-9A1E7A4F7556}") = "077-List", "077-List\077-List.csproj", "{701BC9A5-6410-4310-8B1A-E139466E6FDB}"
EndProject
Project("{9A19103F-16F7-4668-BE54-9A1E7A4F7556}") = "078-List-filtrovaní-dat", "078-List-filtrovaní-dat\078-List-filtrovaní-dat.csproj", "{D3B02816-A68C-4F88-8435-D0897DF2719B}"
EndProject
Project("{9A19103F-16F7-4668-BE54-9A1E7A4F7556}") = "079-List-Erathostenovo-sito", "079-List-Erathostenovo-sito\079-List-Erathostenovo-sito.csproj", "{494C124E-D2CE-40DD-96CE-B62E778DDE16}"
EndProject
Project("{9A19103F-16F7-4668-BE54-9A1E7A4F7556}") = "080-Dictionary", "080-Dictionary\080-Dictionary.csproj", "{4A6D381B-D9FF-4F44-8E63-046B8F03B80A}"
EndProject
Project("{9A19103F-16F7-4668-BE54-9A1E7A4F7556}") = "xyz-dictionary", "xyz-dictionary\xyz-dictionary.csproj", "{B3D76DF4-82B2-47D6-8468-B79E0045DB40}"
EndProject
Project("{9A19103F-16F7-4668-BE54-9A1E7A4F7556}") = "081-Morseovka", "081-Morseovka\081-Morseovka.csproj", "{A2F59411-34D2-4D4F-AB62-C737FA96BEAB}"
EndProject
Project("{9A19103F-16F7-4668-BE54-9A1E7A4F7556}") = "082-Dictionary-frekvence", "082-Dictionary-frekvence\082-Dictionary-frekvence.csproj", "{46E7980A-977C-443D-B306-2E8B4FA222AB}"
EndProject
Project("{9A19103F-16F7-4668-BE54-9A1E7A4F7556}") = "083-Sifra", "083-Sifra\083-Sifra.csproj", "{E86CCBD6-5C93-425A-AB64-B605FA0A28FF}"
EndProject
Project("{9A19103F-16F7-4668-BE54-9A1E7A4F7556}") = "xyz-stack", "xyz-stack\xyz-stack.csproj", "{8AD6069D-AB95-4975-BC7C-7002E2E72CF8}"
EndProject
Project("{9A19103F-16F7-4668-BE54-9A1E7A4F7556}") = "084-Queue-Stack-Demo", "084-Queue-Stack-Demo\084-Queue-Stack-Demo.csproj", "{FE0D3F3A-0FE7-4B80-8B29-DCF5B24880D5}"
EndProject
Project("{9A19103F-16F7-4668-BE54-9A1E7A4F7556}") = "085-Find-file", "085-Find-file\085-Find-file.csproj", "{442D996C-9C10-4CD2-94BC-5EE3F3C9FF73}"
EndProject
Project("{9A19103F-16F7-4668-BE54-9A1E7A4F7556}") = "086-Prebijena", "086-Prebijena\086-Prebijena.csproj", "{26815EB5-D4B2-42F4-BE64-166E3ADB576A}"
EndProject
Project("{2150E333-8FDC-42A3-9474-1A3956D46DE8}") = "14-Soubory", "14-Soubory", "{04C456EE-D814-479D-905E-191D0EDE7434}"
EndProject
Project("{FAE04EC0-301F-11D3-BF4B-00C04F79EFBC}") = "087-Soubory", "087-Soubory\087-Soubory.csproj", "{062BA21B-277D-4364-943A-3198DD7A2D0C}"
EndProject
Project("{FAE04EC0-301F-11D3-BF4B-00C04F79EFBC}") = "088-Slovnik-se-zapisem", "088-Slovnik-se-zapisem\088-Slovnik-se-zapisem.csproj", "{40152E87-300D-4022-86D0-BF9D1A85F6FE}"
EndProject
Global
	GlobalSection(SolutionConfigurationPlatforms) = preSolution
		Debug|Any CPU = Debug|Any CPU
		Release|Any CPU = Release|Any CPU
	EndGlobalSection
	GlobalSection(ProjectConfigurationPlatforms) = postSolution
		{7F96BE34-35D3-4F26-B287-6D26EE2EBC68}.Debug|Any CPU.ActiveCfg = Debug|Any CPU
		{7F96BE34-35D3-4F26-B287-6D26EE2EBC68}.Debug|Any CPU.Build.0 = Debug|Any CPU
		{7F96BE34-35D3-4F26-B287-6D26EE2EBC68}.Release|Any CPU.ActiveCfg = Release|Any CPU
		{7F96BE34-35D3-4F26-B287-6D26EE2EBC68}.Release|Any CPU.Build.0 = Release|Any CPU
		{490ECB10-B656-4AAE-8182-DA7BA716FA4A}.Debug|Any CPU.ActiveCfg = Debug|Any CPU
		{490ECB10-B656-4AAE-8182-DA7BA716FA4A}.Debug|Any CPU.Build.0 = Debug|Any CPU
		{490ECB10-B656-4AAE-8182-DA7BA716FA4A}.Release|Any CPU.ActiveCfg = Release|Any CPU
		{490ECB10-B656-4AAE-8182-DA7BA716FA4A}.Release|Any CPU.Build.0 = Release|Any CPU
		{A2871E48-0B0F-4F6C-8F09-732F8CD9969D}.Debug|Any CPU.ActiveCfg = Debug|Any CPU
		{A2871E48-0B0F-4F6C-8F09-732F8CD9969D}.Debug|Any CPU.Build.0 = Debug|Any CPU
		{A2871E48-0B0F-4F6C-8F09-732F8CD9969D}.Release|Any CPU.ActiveCfg = Release|Any CPU
		{A2871E48-0B0F-4F6C-8F09-732F8CD9969D}.Release|Any CPU.Build.0 = Release|Any CPU
		{4A40E4B9-B0C8-4F79-B2BD-978DACC9288F}.Debug|Any CPU.ActiveCfg = Debug|Any CPU
		{4A40E4B9-B0C8-4F79-B2BD-978DACC9288F}.Debug|Any CPU.Build.0 = Debug|Any CPU
		{4A40E4B9-B0C8-4F79-B2BD-978DACC9288F}.Release|Any CPU.ActiveCfg = Release|Any CPU
		{4A40E4B9-B0C8-4F79-B2BD-978DACC9288F}.Release|Any CPU.Build.0 = Release|Any CPU
		{FC6B31AE-ABE1-4516-8C63-D6881835473F}.Debug|Any CPU.ActiveCfg = Debug|Any CPU
		{FC6B31AE-ABE1-4516-8C63-D6881835473F}.Debug|Any CPU.Build.0 = Debug|Any CPU
		{FC6B31AE-ABE1-4516-8C63-D6881835473F}.Release|Any CPU.ActiveCfg = Release|Any CPU
		{FC6B31AE-ABE1-4516-8C63-D6881835473F}.Release|Any CPU.Build.0 = Release|Any CPU
		{C66484F6-5CCD-4B64-BDAD-C60FCCDAC660}.Debug|Any CPU.ActiveCfg = Debug|Any CPU
		{C66484F6-5CCD-4B64-BDAD-C60FCCDAC660}.Debug|Any CPU.Build.0 = Debug|Any CPU
		{C66484F6-5CCD-4B64-BDAD-C60FCCDAC660}.Release|Any CPU.ActiveCfg = Release|Any CPU
		{C66484F6-5CCD-4B64-BDAD-C60FCCDAC660}.Release|Any CPU.Build.0 = Release|Any CPU
		{DF49DC88-A4EC-43E7-8715-EC70FF5B7ABB}.Debug|Any CPU.ActiveCfg = Debug|Any CPU
		{DF49DC88-A4EC-43E7-8715-EC70FF5B7ABB}.Debug|Any CPU.Build.0 = Debug|Any CPU
		{DF49DC88-A4EC-43E7-8715-EC70FF5B7ABB}.Release|Any CPU.ActiveCfg = Release|Any CPU
		{DF49DC88-A4EC-43E7-8715-EC70FF5B7ABB}.Release|Any CPU.Build.0 = Release|Any CPU
		{4B2FA2B5-ECCE-44D6-AC90-C2899ABDFB32}.Debug|Any CPU.ActiveCfg = Debug|Any CPU
		{4B2FA2B5-ECCE-44D6-AC90-C2899ABDFB32}.Debug|Any CPU.Build.0 = Debug|Any CPU
		{4B2FA2B5-ECCE-44D6-AC90-C2899ABDFB32}.Release|Any CPU.ActiveCfg = Release|Any CPU
		{4B2FA2B5-ECCE-44D6-AC90-C2899ABDFB32}.Release|Any CPU.Build.0 = Release|Any CPU
		{96D0F97B-23B2-4844-B302-60341509770E}.Debug|Any CPU.ActiveCfg = Debug|Any CPU
		{96D0F97B-23B2-4844-B302-60341509770E}.Debug|Any CPU.Build.0 = Debug|Any CPU
		{96D0F97B-23B2-4844-B302-60341509770E}.Release|Any CPU.ActiveCfg = Release|Any CPU
		{96D0F97B-23B2-4844-B302-60341509770E}.Release|Any CPU.Build.0 = Release|Any CPU
		{B201EF7E-51DE-47B9-8C76-F62BAFAB0217}.Debug|Any CPU.ActiveCfg = Debug|Any CPU
		{B201EF7E-51DE-47B9-8C76-F62BAFAB0217}.Debug|Any CPU.Build.0 = Debug|Any CPU
		{B201EF7E-51DE-47B9-8C76-F62BAFAB0217}.Release|Any CPU.ActiveCfg = Release|Any CPU
		{B201EF7E-51DE-47B9-8C76-F62BAFAB0217}.Release|Any CPU.Build.0 = Release|Any CPU
		{F120B87D-BC8B-4453-AB2D-E2DEEECC3F87}.Debug|Any CPU.ActiveCfg = Debug|Any CPU
		{F120B87D-BC8B-4453-AB2D-E2DEEECC3F87}.Debug|Any CPU.Build.0 = Debug|Any CPU
		{F120B87D-BC8B-4453-AB2D-E2DEEECC3F87}.Release|Any CPU.ActiveCfg = Release|Any CPU
		{F120B87D-BC8B-4453-AB2D-E2DEEECC3F87}.Release|Any CPU.Build.0 = Release|Any CPU
		{47BEBA58-0CED-458B-971B-8DD6490E1EC9}.Debug|Any CPU.ActiveCfg = Debug|Any CPU
		{47BEBA58-0CED-458B-971B-8DD6490E1EC9}.Debug|Any CPU.Build.0 = Debug|Any CPU
		{47BEBA58-0CED-458B-971B-8DD6490E1EC9}.Release|Any CPU.ActiveCfg = Release|Any CPU
		{47BEBA58-0CED-458B-971B-8DD6490E1EC9}.Release|Any CPU.Build.0 = Release|Any CPU
		{FFFFCDC6-8437-483D-916E-E99EBFC7B31C}.Debug|Any CPU.ActiveCfg = Debug|Any CPU
		{FFFFCDC6-8437-483D-916E-E99EBFC7B31C}.Debug|Any CPU.Build.0 = Debug|Any CPU
		{FFFFCDC6-8437-483D-916E-E99EBFC7B31C}.Release|Any CPU.ActiveCfg = Release|Any CPU
		{FFFFCDC6-8437-483D-916E-E99EBFC7B31C}.Release|Any CPU.Build.0 = Release|Any CPU
		{4F6665F0-2444-4B5B-8E26-D5EEEF598F74}.Debug|Any CPU.ActiveCfg = Debug|Any CPU
		{4F6665F0-2444-4B5B-8E26-D5EEEF598F74}.Debug|Any CPU.Build.0 = Debug|Any CPU
		{4F6665F0-2444-4B5B-8E26-D5EEEF598F74}.Release|Any CPU.ActiveCfg = Release|Any CPU
		{4F6665F0-2444-4B5B-8E26-D5EEEF598F74}.Release|Any CPU.Build.0 = Release|Any CPU
		{DD0088B0-ED7F-4272-8B97-1E504AF91F32}.Debug|Any CPU.ActiveCfg = Debug|Any CPU
		{DD0088B0-ED7F-4272-8B97-1E504AF91F32}.Debug|Any CPU.Build.0 = Debug|Any CPU
		{DD0088B0-ED7F-4272-8B97-1E504AF91F32}.Release|Any CPU.ActiveCfg = Release|Any CPU
		{DD0088B0-ED7F-4272-8B97-1E504AF91F32}.Release|Any CPU.Build.0 = Release|Any CPU
		{D4DCF9FF-2362-4A24-BEF9-DC9709F766A6}.Debug|Any CPU.ActiveCfg = Debug|Any CPU
		{D4DCF9FF-2362-4A24-BEF9-DC9709F766A6}.Debug|Any CPU.Build.0 = Debug|Any CPU
		{D4DCF9FF-2362-4A24-BEF9-DC9709F766A6}.Release|Any CPU.ActiveCfg = Release|Any CPU
		{D4DCF9FF-2362-4A24-BEF9-DC9709F766A6}.Release|Any CPU.Build.0 = Release|Any CPU
		{9647E987-AEF3-4786-845E-113A34ECFE39}.Debug|Any CPU.ActiveCfg = Debug|Any CPU
		{9647E987-AEF3-4786-845E-113A34ECFE39}.Debug|Any CPU.Build.0 = Debug|Any CPU
		{9647E987-AEF3-4786-845E-113A34ECFE39}.Release|Any CPU.ActiveCfg = Release|Any CPU
		{9647E987-AEF3-4786-845E-113A34ECFE39}.Release|Any CPU.Build.0 = Release|Any CPU
		{1919C764-D8E2-4361-8F10-081BA8321655}.Debug|Any CPU.ActiveCfg = Debug|Any CPU
		{1919C764-D8E2-4361-8F10-081BA8321655}.Debug|Any CPU.Build.0 = Debug|Any CPU
		{1919C764-D8E2-4361-8F10-081BA8321655}.Release|Any CPU.ActiveCfg = Release|Any CPU
		{1919C764-D8E2-4361-8F10-081BA8321655}.Release|Any CPU.Build.0 = Release|Any CPU
		{F5347160-DA37-4AC4-BCDD-2D2CC0C3256D}.Debug|Any CPU.ActiveCfg = Debug|Any CPU
		{F5347160-DA37-4AC4-BCDD-2D2CC0C3256D}.Debug|Any CPU.Build.0 = Debug|Any CPU
		{F5347160-DA37-4AC4-BCDD-2D2CC0C3256D}.Release|Any CPU.ActiveCfg = Release|Any CPU
		{F5347160-DA37-4AC4-BCDD-2D2CC0C3256D}.Release|Any CPU.Build.0 = Release|Any CPU
		{8D9FF741-306A-46DE-AB9F-570B9B059AE2}.Debug|Any CPU.ActiveCfg = Debug|Any CPU
		{8D9FF741-306A-46DE-AB9F-570B9B059AE2}.Debug|Any CPU.Build.0 = Debug|Any CPU
		{8D9FF741-306A-46DE-AB9F-570B9B059AE2}.Release|Any CPU.ActiveCfg = Release|Any CPU
		{8D9FF741-306A-46DE-AB9F-570B9B059AE2}.Release|Any CPU.Build.0 = Release|Any CPU
		{E7B64676-F0D8-4A22-AAA1-D7B37CE1C221}.Debug|Any CPU.ActiveCfg = Debug|Any CPU
		{E7B64676-F0D8-4A22-AAA1-D7B37CE1C221}.Debug|Any CPU.Build.0 = Debug|Any CPU
		{E7B64676-F0D8-4A22-AAA1-D7B37CE1C221}.Release|Any CPU.ActiveCfg = Release|Any CPU
		{E7B64676-F0D8-4A22-AAA1-D7B37CE1C221}.Release|Any CPU.Build.0 = Release|Any CPU
		{4706953B-8FC5-4C64-8022-A4C883CC2550}.Debug|Any CPU.ActiveCfg = Debug|Any CPU
		{4706953B-8FC5-4C64-8022-A4C883CC2550}.Debug|Any CPU.Build.0 = Debug|Any CPU
		{4706953B-8FC5-4C64-8022-A4C883CC2550}.Release|Any CPU.ActiveCfg = Release|Any CPU
		{4706953B-8FC5-4C64-8022-A4C883CC2550}.Release|Any CPU.Build.0 = Release|Any CPU
		{52103CB7-1CE8-4F77-80FE-A6DA54503035}.Debug|Any CPU.ActiveCfg = Debug|Any CPU
		{52103CB7-1CE8-4F77-80FE-A6DA54503035}.Debug|Any CPU.Build.0 = Debug|Any CPU
		{52103CB7-1CE8-4F77-80FE-A6DA54503035}.Release|Any CPU.ActiveCfg = Release|Any CPU
		{52103CB7-1CE8-4F77-80FE-A6DA54503035}.Release|Any CPU.Build.0 = Release|Any CPU
		{7F1B78BC-EBC5-4962-A648-68AC6F21C0BB}.Debug|Any CPU.ActiveCfg = Debug|Any CPU
		{7F1B78BC-EBC5-4962-A648-68AC6F21C0BB}.Debug|Any CPU.Build.0 = Debug|Any CPU
		{7F1B78BC-EBC5-4962-A648-68AC6F21C0BB}.Release|Any CPU.ActiveCfg = Release|Any CPU
		{7F1B78BC-EBC5-4962-A648-68AC6F21C0BB}.Release|Any CPU.Build.0 = Release|Any CPU
		{FE59CD69-7D61-4F93-A66A-06F69421F52D}.Debug|Any CPU.ActiveCfg = Debug|Any CPU
		{FE59CD69-7D61-4F93-A66A-06F69421F52D}.Debug|Any CPU.Build.0 = Debug|Any CPU
		{FE59CD69-7D61-4F93-A66A-06F69421F52D}.Release|Any CPU.ActiveCfg = Release|Any CPU
		{FE59CD69-7D61-4F93-A66A-06F69421F52D}.Release|Any CPU.Build.0 = Release|Any CPU
		{689BC434-3031-4526-90F6-B2F668B1EECA}.Debug|Any CPU.ActiveCfg = Debug|Any CPU
		{689BC434-3031-4526-90F6-B2F668B1EECA}.Debug|Any CPU.Build.0 = Debug|Any CPU
		{689BC434-3031-4526-90F6-B2F668B1EECA}.Release|Any CPU.ActiveCfg = Release|Any CPU
		{689BC434-3031-4526-90F6-B2F668B1EECA}.Release|Any CPU.Build.0 = Release|Any CPU
		{334BDCAE-EACE-44E2-A361-C5D6C18B823E}.Debug|Any CPU.ActiveCfg = Debug|Any CPU
		{334BDCAE-EACE-44E2-A361-C5D6C18B823E}.Debug|Any CPU.Build.0 = Debug|Any CPU
		{334BDCAE-EACE-44E2-A361-C5D6C18B823E}.Release|Any CPU.ActiveCfg = Release|Any CPU
		{334BDCAE-EACE-44E2-A361-C5D6C18B823E}.Release|Any CPU.Build.0 = Release|Any CPU
		{B9CA7BE0-FCC5-46BA-83AB-2D487BE611D0}.Debug|Any CPU.ActiveCfg = Debug|Any CPU
		{B9CA7BE0-FCC5-46BA-83AB-2D487BE611D0}.Debug|Any CPU.Build.0 = Debug|Any CPU
		{B9CA7BE0-FCC5-46BA-83AB-2D487BE611D0}.Release|Any CPU.ActiveCfg = Release|Any CPU
		{B9CA7BE0-FCC5-46BA-83AB-2D487BE611D0}.Release|Any CPU.Build.0 = Release|Any CPU
		{727AB9EC-A523-4A3B-ABE2-7D89ED67A088}.Debug|Any CPU.ActiveCfg = Debug|Any CPU
		{727AB9EC-A523-4A3B-ABE2-7D89ED67A088}.Debug|Any CPU.Build.0 = Debug|Any CPU
		{727AB9EC-A523-4A3B-ABE2-7D89ED67A088}.Release|Any CPU.ActiveCfg = Release|Any CPU
		{727AB9EC-A523-4A3B-ABE2-7D89ED67A088}.Release|Any CPU.Build.0 = Release|Any CPU
		{7E939166-5F9B-423C-BDD5-E78D976DAC3A}.Debug|Any CPU.ActiveCfg = Debug|Any CPU
		{7E939166-5F9B-423C-BDD5-E78D976DAC3A}.Debug|Any CPU.Build.0 = Debug|Any CPU
		{7E939166-5F9B-423C-BDD5-E78D976DAC3A}.Release|Any CPU.ActiveCfg = Release|Any CPU
		{7E939166-5F9B-423C-BDD5-E78D976DAC3A}.Release|Any CPU.Build.0 = Release|Any CPU
		{A27A6903-3B54-4397-A15F-836684A1C5E3}.Debug|Any CPU.ActiveCfg = Debug|Any CPU
		{A27A6903-3B54-4397-A15F-836684A1C5E3}.Debug|Any CPU.Build.0 = Debug|Any CPU
		{A27A6903-3B54-4397-A15F-836684A1C5E3}.Release|Any CPU.ActiveCfg = Release|Any CPU
		{A27A6903-3B54-4397-A15F-836684A1C5E3}.Release|Any CPU.Build.0 = Release|Any CPU
		{AA979761-D560-417F-8540-CDEC95396641}.Debug|Any CPU.ActiveCfg = Debug|Any CPU
		{AA979761-D560-417F-8540-CDEC95396641}.Debug|Any CPU.Build.0 = Debug|Any CPU
		{AA979761-D560-417F-8540-CDEC95396641}.Release|Any CPU.ActiveCfg = Release|Any CPU
		{AA979761-D560-417F-8540-CDEC95396641}.Release|Any CPU.Build.0 = Release|Any CPU
		{044012C3-AFBD-4961-93F3-6551AA4BFC9F}.Debug|Any CPU.ActiveCfg = Debug|Any CPU
		{044012C3-AFBD-4961-93F3-6551AA4BFC9F}.Debug|Any CPU.Build.0 = Debug|Any CPU
		{044012C3-AFBD-4961-93F3-6551AA4BFC9F}.Release|Any CPU.ActiveCfg = Release|Any CPU
		{044012C3-AFBD-4961-93F3-6551AA4BFC9F}.Release|Any CPU.Build.0 = Release|Any CPU
		{15F3CBFC-758D-4659-84E0-0BEA838AB963}.Debug|Any CPU.ActiveCfg = Debug|Any CPU
		{15F3CBFC-758D-4659-84E0-0BEA838AB963}.Debug|Any CPU.Build.0 = Debug|Any CPU
		{15F3CBFC-758D-4659-84E0-0BEA838AB963}.Release|Any CPU.ActiveCfg = Release|Any CPU
		{15F3CBFC-758D-4659-84E0-0BEA838AB963}.Release|Any CPU.Build.0 = Release|Any CPU
		{E3D89E72-17C2-48E3-8B56-D19D216D42AC}.Debug|Any CPU.ActiveCfg = Debug|Any CPU
		{E3D89E72-17C2-48E3-8B56-D19D216D42AC}.Debug|Any CPU.Build.0 = Debug|Any CPU
		{E3D89E72-17C2-48E3-8B56-D19D216D42AC}.Release|Any CPU.ActiveCfg = Release|Any CPU
		{E3D89E72-17C2-48E3-8B56-D19D216D42AC}.Release|Any CPU.Build.0 = Release|Any CPU
		{D06A92BB-11E9-44A0-A6B2-EED4EC41893B}.Debug|Any CPU.ActiveCfg = Debug|Any CPU
		{D06A92BB-11E9-44A0-A6B2-EED4EC41893B}.Debug|Any CPU.Build.0 = Debug|Any CPU
		{D06A92BB-11E9-44A0-A6B2-EED4EC41893B}.Release|Any CPU.ActiveCfg = Release|Any CPU
		{D06A92BB-11E9-44A0-A6B2-EED4EC41893B}.Release|Any CPU.Build.0 = Release|Any CPU
		{1661A58F-E337-4DFC-92BB-225F2CCCF6F2}.Debug|Any CPU.ActiveCfg = Debug|Any CPU
		{1661A58F-E337-4DFC-92BB-225F2CCCF6F2}.Debug|Any CPU.Build.0 = Debug|Any CPU
		{1661A58F-E337-4DFC-92BB-225F2CCCF6F2}.Release|Any CPU.ActiveCfg = Release|Any CPU
		{1661A58F-E337-4DFC-92BB-225F2CCCF6F2}.Release|Any CPU.Build.0 = Release|Any CPU
		{6B31D37B-BA3D-4AAE-8980-D126BD0E01E4}.Debug|Any CPU.ActiveCfg = Debug|Any CPU
		{6B31D37B-BA3D-4AAE-8980-D126BD0E01E4}.Debug|Any CPU.Build.0 = Debug|Any CPU
		{6B31D37B-BA3D-4AAE-8980-D126BD0E01E4}.Release|Any CPU.ActiveCfg = Release|Any CPU
		{6B31D37B-BA3D-4AAE-8980-D126BD0E01E4}.Release|Any CPU.Build.0 = Release|Any CPU
		{765050AA-9A74-4913-A9DC-813A9EFD9A04}.Debug|Any CPU.ActiveCfg = Debug|Any CPU
		{765050AA-9A74-4913-A9DC-813A9EFD9A04}.Debug|Any CPU.Build.0 = Debug|Any CPU
		{765050AA-9A74-4913-A9DC-813A9EFD9A04}.Release|Any CPU.ActiveCfg = Release|Any CPU
		{765050AA-9A74-4913-A9DC-813A9EFD9A04}.Release|Any CPU.Build.0 = Release|Any CPU
		{7CC7C2B3-4109-498A-8850-D7A87B14456A}.Debug|Any CPU.ActiveCfg = Debug|Any CPU
		{7CC7C2B3-4109-498A-8850-D7A87B14456A}.Debug|Any CPU.Build.0 = Debug|Any CPU
		{7CC7C2B3-4109-498A-8850-D7A87B14456A}.Release|Any CPU.ActiveCfg = Release|Any CPU
		{7CC7C2B3-4109-498A-8850-D7A87B14456A}.Release|Any CPU.Build.0 = Release|Any CPU
		{64C8212F-B76C-4D7B-987D-BC06026B05DB}.Debug|Any CPU.ActiveCfg = Debug|Any CPU
		{64C8212F-B76C-4D7B-987D-BC06026B05DB}.Debug|Any CPU.Build.0 = Debug|Any CPU
		{64C8212F-B76C-4D7B-987D-BC06026B05DB}.Release|Any CPU.ActiveCfg = Release|Any CPU
		{64C8212F-B76C-4D7B-987D-BC06026B05DB}.Release|Any CPU.Build.0 = Release|Any CPU
		{3DEE081A-7FF6-4408-A0A8-B526ABAFA94B}.Debug|Any CPU.ActiveCfg = Debug|Any CPU
		{3DEE081A-7FF6-4408-A0A8-B526ABAFA94B}.Debug|Any CPU.Build.0 = Debug|Any CPU
		{3DEE081A-7FF6-4408-A0A8-B526ABAFA94B}.Release|Any CPU.ActiveCfg = Release|Any CPU
		{3DEE081A-7FF6-4408-A0A8-B526ABAFA94B}.Release|Any CPU.Build.0 = Release|Any CPU
		{A256CA13-417C-4834-BA5D-9BD3F1AA9EFE}.Debug|Any CPU.ActiveCfg = Debug|Any CPU
		{A256CA13-417C-4834-BA5D-9BD3F1AA9EFE}.Debug|Any CPU.Build.0 = Debug|Any CPU
		{A256CA13-417C-4834-BA5D-9BD3F1AA9EFE}.Release|Any CPU.ActiveCfg = Release|Any CPU
		{A256CA13-417C-4834-BA5D-9BD3F1AA9EFE}.Release|Any CPU.Build.0 = Release|Any CPU
		{443D45BC-2D97-444B-8523-2C8EFBDA7BE7}.Debug|Any CPU.ActiveCfg = Debug|Any CPU
		{443D45BC-2D97-444B-8523-2C8EFBDA7BE7}.Debug|Any CPU.Build.0 = Debug|Any CPU
		{443D45BC-2D97-444B-8523-2C8EFBDA7BE7}.Release|Any CPU.ActiveCfg = Release|Any CPU
		{443D45BC-2D97-444B-8523-2C8EFBDA7BE7}.Release|Any CPU.Build.0 = Release|Any CPU
		{B25FBB29-9068-422D-9828-E88E3E8800E9}.Debug|Any CPU.ActiveCfg = Debug|Any CPU
		{B25FBB29-9068-422D-9828-E88E3E8800E9}.Debug|Any CPU.Build.0 = Debug|Any CPU
		{B25FBB29-9068-422D-9828-E88E3E8800E9}.Release|Any CPU.ActiveCfg = Release|Any CPU
		{B25FBB29-9068-422D-9828-E88E3E8800E9}.Release|Any CPU.Build.0 = Release|Any CPU
		{F6EE50E9-3EC9-4255-B79A-9F97A24D1073}.Debug|Any CPU.ActiveCfg = Debug|Any CPU
		{F6EE50E9-3EC9-4255-B79A-9F97A24D1073}.Debug|Any CPU.Build.0 = Debug|Any CPU
		{F6EE50E9-3EC9-4255-B79A-9F97A24D1073}.Release|Any CPU.ActiveCfg = Release|Any CPU
		{F6EE50E9-3EC9-4255-B79A-9F97A24D1073}.Release|Any CPU.Build.0 = Release|Any CPU
		{0C1768E7-3127-46C1-9350-E4D805874B35}.Debug|Any CPU.ActiveCfg = Debug|Any CPU
		{0C1768E7-3127-46C1-9350-E4D805874B35}.Debug|Any CPU.Build.0 = Debug|Any CPU
		{0C1768E7-3127-46C1-9350-E4D805874B35}.Release|Any CPU.ActiveCfg = Release|Any CPU
		{0C1768E7-3127-46C1-9350-E4D805874B35}.Release|Any CPU.Build.0 = Release|Any CPU
		{CD530F8A-1D1D-4872-B174-2326C6C52F18}.Debug|Any CPU.ActiveCfg = Debug|Any CPU
		{CD530F8A-1D1D-4872-B174-2326C6C52F18}.Debug|Any CPU.Build.0 = Debug|Any CPU
		{CD530F8A-1D1D-4872-B174-2326C6C52F18}.Release|Any CPU.ActiveCfg = Release|Any CPU
		{CD530F8A-1D1D-4872-B174-2326C6C52F18}.Release|Any CPU.Build.0 = Release|Any CPU
		{F9230E85-9F3B-4F8A-9F79-5A82A2DEED5A}.Debug|Any CPU.ActiveCfg = Debug|Any CPU
		{F9230E85-9F3B-4F8A-9F79-5A82A2DEED5A}.Debug|Any CPU.Build.0 = Debug|Any CPU
		{F9230E85-9F3B-4F8A-9F79-5A82A2DEED5A}.Release|Any CPU.ActiveCfg = Release|Any CPU
		{F9230E85-9F3B-4F8A-9F79-5A82A2DEED5A}.Release|Any CPU.Build.0 = Release|Any CPU
		{0A6F24E9-DE89-4D76-BFF1-529D4EB97004}.Debug|Any CPU.ActiveCfg = Debug|Any CPU
		{0A6F24E9-DE89-4D76-BFF1-529D4EB97004}.Debug|Any CPU.Build.0 = Debug|Any CPU
		{0A6F24E9-DE89-4D76-BFF1-529D4EB97004}.Release|Any CPU.ActiveCfg = Release|Any CPU
		{0A6F24E9-DE89-4D76-BFF1-529D4EB97004}.Release|Any CPU.Build.0 = Release|Any CPU
		{EE621D77-D78D-49E8-BA41-3EB617FFB8A9}.Debug|Any CPU.ActiveCfg = Debug|Any CPU
		{EE621D77-D78D-49E8-BA41-3EB617FFB8A9}.Debug|Any CPU.Build.0 = Debug|Any CPU
		{EE621D77-D78D-49E8-BA41-3EB617FFB8A9}.Release|Any CPU.ActiveCfg = Release|Any CPU
		{EE621D77-D78D-49E8-BA41-3EB617FFB8A9}.Release|Any CPU.Build.0 = Release|Any CPU
		{F957DAAF-F509-4BAB-84E5-E985AA89CF0C}.Debug|Any CPU.ActiveCfg = Debug|Any CPU
		{F957DAAF-F509-4BAB-84E5-E985AA89CF0C}.Debug|Any CPU.Build.0 = Debug|Any CPU
		{F957DAAF-F509-4BAB-84E5-E985AA89CF0C}.Release|Any CPU.ActiveCfg = Release|Any CPU
		{F957DAAF-F509-4BAB-84E5-E985AA89CF0C}.Release|Any CPU.Build.0 = Release|Any CPU
		{7647927D-8CEE-4BD0-A9C5-E977FF520502}.Debug|Any CPU.ActiveCfg = Debug|Any CPU
		{7647927D-8CEE-4BD0-A9C5-E977FF520502}.Debug|Any CPU.Build.0 = Debug|Any CPU
		{7647927D-8CEE-4BD0-A9C5-E977FF520502}.Release|Any CPU.ActiveCfg = Release|Any CPU
		{7647927D-8CEE-4BD0-A9C5-E977FF520502}.Release|Any CPU.Build.0 = Release|Any CPU
		{CE21BDC5-064A-47C8-BC65-A6C0EF4DDE3E}.Debug|Any CPU.ActiveCfg = Debug|Any CPU
		{CE21BDC5-064A-47C8-BC65-A6C0EF4DDE3E}.Debug|Any CPU.Build.0 = Debug|Any CPU
		{CE21BDC5-064A-47C8-BC65-A6C0EF4DDE3E}.Release|Any CPU.ActiveCfg = Release|Any CPU
		{CE21BDC5-064A-47C8-BC65-A6C0EF4DDE3E}.Release|Any CPU.Build.0 = Release|Any CPU
		{29158F4D-47E7-43EF-860F-BDA956A69E91}.Debug|Any CPU.ActiveCfg = Debug|Any CPU
		{29158F4D-47E7-43EF-860F-BDA956A69E91}.Debug|Any CPU.Build.0 = Debug|Any CPU
		{29158F4D-47E7-43EF-860F-BDA956A69E91}.Release|Any CPU.ActiveCfg = Release|Any CPU
		{29158F4D-47E7-43EF-860F-BDA956A69E91}.Release|Any CPU.Build.0 = Release|Any CPU
		{B0F0013E-3C2D-4653-88BF-453838D3F167}.Debug|Any CPU.ActiveCfg = Debug|Any CPU
		{B0F0013E-3C2D-4653-88BF-453838D3F167}.Debug|Any CPU.Build.0 = Debug|Any CPU
		{B0F0013E-3C2D-4653-88BF-453838D3F167}.Release|Any CPU.ActiveCfg = Release|Any CPU
		{B0F0013E-3C2D-4653-88BF-453838D3F167}.Release|Any CPU.Build.0 = Release|Any CPU
		{301AF1FF-5E3F-4EF0-AD48-A06B6286C267}.Debug|Any CPU.ActiveCfg = Debug|Any CPU
		{301AF1FF-5E3F-4EF0-AD48-A06B6286C267}.Debug|Any CPU.Build.0 = Debug|Any CPU
		{301AF1FF-5E3F-4EF0-AD48-A06B6286C267}.Release|Any CPU.ActiveCfg = Release|Any CPU
		{301AF1FF-5E3F-4EF0-AD48-A06B6286C267}.Release|Any CPU.Build.0 = Release|Any CPU
		{21E1B5FA-8E37-4BA1-AADF-9F6C122B7F93}.Debug|Any CPU.ActiveCfg = Debug|Any CPU
		{21E1B5FA-8E37-4BA1-AADF-9F6C122B7F93}.Debug|Any CPU.Build.0 = Debug|Any CPU
		{21E1B5FA-8E37-4BA1-AADF-9F6C122B7F93}.Release|Any CPU.ActiveCfg = Release|Any CPU
		{21E1B5FA-8E37-4BA1-AADF-9F6C122B7F93}.Release|Any CPU.Build.0 = Release|Any CPU
		{047827C3-B6EE-46A4-820B-7B895E65C766}.Debug|Any CPU.ActiveCfg = Debug|Any CPU
		{047827C3-B6EE-46A4-820B-7B895E65C766}.Debug|Any CPU.Build.0 = Debug|Any CPU
		{047827C3-B6EE-46A4-820B-7B895E65C766}.Release|Any CPU.ActiveCfg = Release|Any CPU
		{047827C3-B6EE-46A4-820B-7B895E65C766}.Release|Any CPU.Build.0 = Release|Any CPU
		{72B0CB11-E69B-4C5E-8416-91CC448D48CB}.Debug|Any CPU.ActiveCfg = Debug|Any CPU
		{72B0CB11-E69B-4C5E-8416-91CC448D48CB}.Debug|Any CPU.Build.0 = Debug|Any CPU
		{72B0CB11-E69B-4C5E-8416-91CC448D48CB}.Release|Any CPU.ActiveCfg = Release|Any CPU
		{72B0CB11-E69B-4C5E-8416-91CC448D48CB}.Release|Any CPU.Build.0 = Release|Any CPU
		{295ACD64-73FC-4D2F-AE42-EB7D48FDFC70}.Debug|Any CPU.ActiveCfg = Debug|Any CPU
		{295ACD64-73FC-4D2F-AE42-EB7D48FDFC70}.Debug|Any CPU.Build.0 = Debug|Any CPU
		{295ACD64-73FC-4D2F-AE42-EB7D48FDFC70}.Release|Any CPU.ActiveCfg = Release|Any CPU
		{295ACD64-73FC-4D2F-AE42-EB7D48FDFC70}.Release|Any CPU.Build.0 = Release|Any CPU
		{BCFC10BA-3B77-48F5-BD4A-75AF300524C6}.Debug|Any CPU.ActiveCfg = Debug|Any CPU
		{BCFC10BA-3B77-48F5-BD4A-75AF300524C6}.Debug|Any CPU.Build.0 = Debug|Any CPU
		{BCFC10BA-3B77-48F5-BD4A-75AF300524C6}.Release|Any CPU.ActiveCfg = Release|Any CPU
		{BCFC10BA-3B77-48F5-BD4A-75AF300524C6}.Release|Any CPU.Build.0 = Release|Any CPU
		{3B852137-E136-46C2-AF3A-EC1C92BDA765}.Debug|Any CPU.ActiveCfg = Debug|Any CPU
		{3B852137-E136-46C2-AF3A-EC1C92BDA765}.Debug|Any CPU.Build.0 = Debug|Any CPU
		{3B852137-E136-46C2-AF3A-EC1C92BDA765}.Release|Any CPU.ActiveCfg = Release|Any CPU
		{3B852137-E136-46C2-AF3A-EC1C92BDA765}.Release|Any CPU.Build.0 = Release|Any CPU
		{AC8B9172-AC66-4451-B11C-2A0EB641A01F}.Debug|Any CPU.ActiveCfg = Debug|Any CPU
		{AC8B9172-AC66-4451-B11C-2A0EB641A01F}.Debug|Any CPU.Build.0 = Debug|Any CPU
		{AC8B9172-AC66-4451-B11C-2A0EB641A01F}.Release|Any CPU.ActiveCfg = Release|Any CPU
		{AC8B9172-AC66-4451-B11C-2A0EB641A01F}.Release|Any CPU.Build.0 = Release|Any CPU
		{C6BF081E-EB61-4794-876B-DF82E0ACB5E4}.Debug|Any CPU.ActiveCfg = Debug|Any CPU
		{C6BF081E-EB61-4794-876B-DF82E0ACB5E4}.Debug|Any CPU.Build.0 = Debug|Any CPU
		{C6BF081E-EB61-4794-876B-DF82E0ACB5E4}.Release|Any CPU.ActiveCfg = Release|Any CPU
		{C6BF081E-EB61-4794-876B-DF82E0ACB5E4}.Release|Any CPU.Build.0 = Release|Any CPU
		{AB59EE98-19AB-4B5E-A19D-AAFE818B1D20}.Debug|Any CPU.ActiveCfg = Debug|Any CPU
		{AB59EE98-19AB-4B5E-A19D-AAFE818B1D20}.Debug|Any CPU.Build.0 = Debug|Any CPU
		{AB59EE98-19AB-4B5E-A19D-AAFE818B1D20}.Release|Any CPU.ActiveCfg = Release|Any CPU
		{AB59EE98-19AB-4B5E-A19D-AAFE818B1D20}.Release|Any CPU.Build.0 = Release|Any CPU
		{C6C54F8F-0F13-4FAC-84E3-3AADB852DC94}.Debug|Any CPU.ActiveCfg = Debug|Any CPU
		{C6C54F8F-0F13-4FAC-84E3-3AADB852DC94}.Debug|Any CPU.Build.0 = Debug|Any CPU
		{C6C54F8F-0F13-4FAC-84E3-3AADB852DC94}.Release|Any CPU.ActiveCfg = Release|Any CPU
		{C6C54F8F-0F13-4FAC-84E3-3AADB852DC94}.Release|Any CPU.Build.0 = Release|Any CPU
		{8B7181EC-0F95-4688-A44E-25C8BB126E2D}.Debug|Any CPU.ActiveCfg = Debug|Any CPU
		{8B7181EC-0F95-4688-A44E-25C8BB126E2D}.Debug|Any CPU.Build.0 = Debug|Any CPU
		{8B7181EC-0F95-4688-A44E-25C8BB126E2D}.Release|Any CPU.ActiveCfg = Release|Any CPU
		{8B7181EC-0F95-4688-A44E-25C8BB126E2D}.Release|Any CPU.Build.0 = Release|Any CPU
		{6229E58E-FDB6-48E3-8E49-71199C055291}.Debug|Any CPU.ActiveCfg = Debug|Any CPU
		{6229E58E-FDB6-48E3-8E49-71199C055291}.Debug|Any CPU.Build.0 = Debug|Any CPU
		{6229E58E-FDB6-48E3-8E49-71199C055291}.Release|Any CPU.ActiveCfg = Release|Any CPU
		{6229E58E-FDB6-48E3-8E49-71199C055291}.Release|Any CPU.Build.0 = Release|Any CPU
		{79CD8BEE-01EF-4673-9A7C-1C757599C249}.Debug|Any CPU.ActiveCfg = Debug|Any CPU
		{79CD8BEE-01EF-4673-9A7C-1C757599C249}.Debug|Any CPU.Build.0 = Debug|Any CPU
		{79CD8BEE-01EF-4673-9A7C-1C757599C249}.Release|Any CPU.ActiveCfg = Release|Any CPU
		{79CD8BEE-01EF-4673-9A7C-1C757599C249}.Release|Any CPU.Build.0 = Release|Any CPU
		{7B80912E-99BA-496D-8B76-115EE375E821}.Debug|Any CPU.ActiveCfg = Debug|Any CPU
		{7B80912E-99BA-496D-8B76-115EE375E821}.Debug|Any CPU.Build.0 = Debug|Any CPU
		{7B80912E-99BA-496D-8B76-115EE375E821}.Release|Any CPU.ActiveCfg = Release|Any CPU
		{7B80912E-99BA-496D-8B76-115EE375E821}.Release|Any CPU.Build.0 = Release|Any CPU
		{ADA02AC5-F0E7-492A-A726-15C81E999D9B}.Debug|Any CPU.ActiveCfg = Debug|Any CPU
		{ADA02AC5-F0E7-492A-A726-15C81E999D9B}.Debug|Any CPU.Build.0 = Debug|Any CPU
		{ADA02AC5-F0E7-492A-A726-15C81E999D9B}.Release|Any CPU.ActiveCfg = Release|Any CPU
		{ADA02AC5-F0E7-492A-A726-15C81E999D9B}.Release|Any CPU.Build.0 = Release|Any CPU
		{08681985-AD63-47CA-8FCC-06BC5BFD1853}.Debug|Any CPU.ActiveCfg = Debug|Any CPU
		{08681985-AD63-47CA-8FCC-06BC5BFD1853}.Debug|Any CPU.Build.0 = Debug|Any CPU
		{08681985-AD63-47CA-8FCC-06BC5BFD1853}.Release|Any CPU.ActiveCfg = Release|Any CPU
		{08681985-AD63-47CA-8FCC-06BC5BFD1853}.Release|Any CPU.Build.0 = Release|Any CPU
		{EEB46462-6268-40A7-AE06-B4AC497CB0AD}.Debug|Any CPU.ActiveCfg = Debug|Any CPU
		{EEB46462-6268-40A7-AE06-B4AC497CB0AD}.Debug|Any CPU.Build.0 = Debug|Any CPU
		{EEB46462-6268-40A7-AE06-B4AC497CB0AD}.Release|Any CPU.ActiveCfg = Release|Any CPU
		{EEB46462-6268-40A7-AE06-B4AC497CB0AD}.Release|Any CPU.Build.0 = Release|Any CPU
		{26BE1E09-676C-4A0B-B50E-826333F102EE}.Debug|Any CPU.ActiveCfg = Debug|Any CPU
		{26BE1E09-676C-4A0B-B50E-826333F102EE}.Debug|Any CPU.Build.0 = Debug|Any CPU
		{26BE1E09-676C-4A0B-B50E-826333F102EE}.Release|Any CPU.ActiveCfg = Release|Any CPU
		{26BE1E09-676C-4A0B-B50E-826333F102EE}.Release|Any CPU.Build.0 = Release|Any CPU
		{E511F031-2F93-42BA-8385-56DF30B741B3}.Debug|Any CPU.ActiveCfg = Debug|Any CPU
		{E511F031-2F93-42BA-8385-56DF30B741B3}.Debug|Any CPU.Build.0 = Debug|Any CPU
		{E511F031-2F93-42BA-8385-56DF30B741B3}.Release|Any CPU.ActiveCfg = Release|Any CPU
		{E511F031-2F93-42BA-8385-56DF30B741B3}.Release|Any CPU.Build.0 = Release|Any CPU
		{8ABEE092-2A78-46A8-A4D4-17EC8D49BCAB}.Debug|Any CPU.ActiveCfg = Debug|Any CPU
		{8ABEE092-2A78-46A8-A4D4-17EC8D49BCAB}.Debug|Any CPU.Build.0 = Debug|Any CPU
		{8ABEE092-2A78-46A8-A4D4-17EC8D49BCAB}.Release|Any CPU.ActiveCfg = Release|Any CPU
		{8ABEE092-2A78-46A8-A4D4-17EC8D49BCAB}.Release|Any CPU.Build.0 = Release|Any CPU
		{5BC4B0E7-4FF2-46FB-B373-C82C2CBA2040}.Debug|Any CPU.ActiveCfg = Debug|Any CPU
		{5BC4B0E7-4FF2-46FB-B373-C82C2CBA2040}.Debug|Any CPU.Build.0 = Debug|Any CPU
		{5BC4B0E7-4FF2-46FB-B373-C82C2CBA2040}.Release|Any CPU.ActiveCfg = Release|Any CPU
		{5BC4B0E7-4FF2-46FB-B373-C82C2CBA2040}.Release|Any CPU.Build.0 = Release|Any CPU
		{38EB18F0-EF28-499A-ABD3-81861EF97652}.Debug|Any CPU.ActiveCfg = Debug|Any CPU
		{38EB18F0-EF28-499A-ABD3-81861EF97652}.Debug|Any CPU.Build.0 = Debug|Any CPU
		{38EB18F0-EF28-499A-ABD3-81861EF97652}.Release|Any CPU.ActiveCfg = Release|Any CPU
		{38EB18F0-EF28-499A-ABD3-81861EF97652}.Release|Any CPU.Build.0 = Release|Any CPU
		{24748486-F9FD-4E97-A089-387FEF1B960E}.Debug|Any CPU.ActiveCfg = Debug|Any CPU
		{24748486-F9FD-4E97-A089-387FEF1B960E}.Debug|Any CPU.Build.0 = Debug|Any CPU
		{24748486-F9FD-4E97-A089-387FEF1B960E}.Release|Any CPU.ActiveCfg = Release|Any CPU
		{24748486-F9FD-4E97-A089-387FEF1B960E}.Release|Any CPU.Build.0 = Release|Any CPU
		{314EAE69-7C7C-4991-87C0-FF980FFAF7FF}.Debug|Any CPU.ActiveCfg = Debug|Any CPU
		{314EAE69-7C7C-4991-87C0-FF980FFAF7FF}.Debug|Any CPU.Build.0 = Debug|Any CPU
		{314EAE69-7C7C-4991-87C0-FF980FFAF7FF}.Release|Any CPU.ActiveCfg = Release|Any CPU
		{314EAE69-7C7C-4991-87C0-FF980FFAF7FF}.Release|Any CPU.Build.0 = Release|Any CPU
		{D6777BB9-04B3-4A5B-88A0-B626A3279617}.Debug|Any CPU.ActiveCfg = Debug|Any CPU
		{D6777BB9-04B3-4A5B-88A0-B626A3279617}.Debug|Any CPU.Build.0 = Debug|Any CPU
		{D6777BB9-04B3-4A5B-88A0-B626A3279617}.Release|Any CPU.ActiveCfg = Release|Any CPU
		{D6777BB9-04B3-4A5B-88A0-B626A3279617}.Release|Any CPU.Build.0 = Release|Any CPU
		{8FA3BC2C-58AF-445A-B6C4-ACC35DB9BB33}.Debug|Any CPU.ActiveCfg = Debug|Any CPU
		{8FA3BC2C-58AF-445A-B6C4-ACC35DB9BB33}.Debug|Any CPU.Build.0 = Debug|Any CPU
		{8FA3BC2C-58AF-445A-B6C4-ACC35DB9BB33}.Release|Any CPU.ActiveCfg = Release|Any CPU
		{8FA3BC2C-58AF-445A-B6C4-ACC35DB9BB33}.Release|Any CPU.Build.0 = Release|Any CPU
		{D6650CE0-2F82-4159-92DF-637E08263892}.Debug|Any CPU.ActiveCfg = Debug|Any CPU
		{D6650CE0-2F82-4159-92DF-637E08263892}.Debug|Any CPU.Build.0 = Debug|Any CPU
		{D6650CE0-2F82-4159-92DF-637E08263892}.Release|Any CPU.ActiveCfg = Release|Any CPU
		{D6650CE0-2F82-4159-92DF-637E08263892}.Release|Any CPU.Build.0 = Release|Any CPU
		{F14FC16B-11D1-4953-90A4-018F2ECA92BA}.Debug|Any CPU.ActiveCfg = Debug|Any CPU
		{F14FC16B-11D1-4953-90A4-018F2ECA92BA}.Debug|Any CPU.Build.0 = Debug|Any CPU
		{F14FC16B-11D1-4953-90A4-018F2ECA92BA}.Release|Any CPU.ActiveCfg = Release|Any CPU
		{F14FC16B-11D1-4953-90A4-018F2ECA92BA}.Release|Any CPU.Build.0 = Release|Any CPU
		{53BB577A-274A-40EF-82B8-5A04A49688DE}.Debug|Any CPU.ActiveCfg = Debug|Any CPU
		{53BB577A-274A-40EF-82B8-5A04A49688DE}.Debug|Any CPU.Build.0 = Debug|Any CPU
		{53BB577A-274A-40EF-82B8-5A04A49688DE}.Release|Any CPU.ActiveCfg = Release|Any CPU
		{53BB577A-274A-40EF-82B8-5A04A49688DE}.Release|Any CPU.Build.0 = Release|Any CPU
		{43D9DBB8-36DD-4B68-88BD-2ABBAB13F34F}.Debug|Any CPU.ActiveCfg = Debug|Any CPU
		{43D9DBB8-36DD-4B68-88BD-2ABBAB13F34F}.Debug|Any CPU.Build.0 = Debug|Any CPU
		{43D9DBB8-36DD-4B68-88BD-2ABBAB13F34F}.Release|Any CPU.ActiveCfg = Release|Any CPU
		{43D9DBB8-36DD-4B68-88BD-2ABBAB13F34F}.Release|Any CPU.Build.0 = Release|Any CPU
		{6DE7DF5C-18F3-4519-8AF4-21D269F06694}.Debug|Any CPU.ActiveCfg = Debug|Any CPU
		{6DE7DF5C-18F3-4519-8AF4-21D269F06694}.Debug|Any CPU.Build.0 = Debug|Any CPU
		{6DE7DF5C-18F3-4519-8AF4-21D269F06694}.Release|Any CPU.ActiveCfg = Release|Any CPU
		{6DE7DF5C-18F3-4519-8AF4-21D269F06694}.Release|Any CPU.Build.0 = Release|Any CPU
		{701BC9A5-6410-4310-8B1A-E139466E6FDB}.Debug|Any CPU.ActiveCfg = Debug|Any CPU
		{701BC9A5-6410-4310-8B1A-E139466E6FDB}.Debug|Any CPU.Build.0 = Debug|Any CPU
		{701BC9A5-6410-4310-8B1A-E139466E6FDB}.Release|Any CPU.ActiveCfg = Release|Any CPU
		{701BC9A5-6410-4310-8B1A-E139466E6FDB}.Release|Any CPU.Build.0 = Release|Any CPU
		{D3B02816-A68C-4F88-8435-D0897DF2719B}.Debug|Any CPU.ActiveCfg = Debug|Any CPU
		{D3B02816-A68C-4F88-8435-D0897DF2719B}.Debug|Any CPU.Build.0 = Debug|Any CPU
		{D3B02816-A68C-4F88-8435-D0897DF2719B}.Release|Any CPU.ActiveCfg = Release|Any CPU
		{D3B02816-A68C-4F88-8435-D0897DF2719B}.Release|Any CPU.Build.0 = Release|Any CPU
		{494C124E-D2CE-40DD-96CE-B62E778DDE16}.Debug|Any CPU.ActiveCfg = Debug|Any CPU
		{494C124E-D2CE-40DD-96CE-B62E778DDE16}.Debug|Any CPU.Build.0 = Debug|Any CPU
		{494C124E-D2CE-40DD-96CE-B62E778DDE16}.Release|Any CPU.ActiveCfg = Release|Any CPU
		{494C124E-D2CE-40DD-96CE-B62E778DDE16}.Release|Any CPU.Build.0 = Release|Any CPU
		{4A6D381B-D9FF-4F44-8E63-046B8F03B80A}.Debug|Any CPU.ActiveCfg = Debug|Any CPU
		{4A6D381B-D9FF-4F44-8E63-046B8F03B80A}.Debug|Any CPU.Build.0 = Debug|Any CPU
		{4A6D381B-D9FF-4F44-8E63-046B8F03B80A}.Release|Any CPU.ActiveCfg = Release|Any CPU
		{4A6D381B-D9FF-4F44-8E63-046B8F03B80A}.Release|Any CPU.Build.0 = Release|Any CPU
		{B3D76DF4-82B2-47D6-8468-B79E0045DB40}.Debug|Any CPU.ActiveCfg = Debug|Any CPU
		{B3D76DF4-82B2-47D6-8468-B79E0045DB40}.Debug|Any CPU.Build.0 = Debug|Any CPU
		{B3D76DF4-82B2-47D6-8468-B79E0045DB40}.Release|Any CPU.ActiveCfg = Release|Any CPU
		{B3D76DF4-82B2-47D6-8468-B79E0045DB40}.Release|Any CPU.Build.0 = Release|Any CPU
		{A2F59411-34D2-4D4F-AB62-C737FA96BEAB}.Debug|Any CPU.ActiveCfg = Debug|Any CPU
		{A2F59411-34D2-4D4F-AB62-C737FA96BEAB}.Debug|Any CPU.Build.0 = Debug|Any CPU
		{A2F59411-34D2-4D4F-AB62-C737FA96BEAB}.Release|Any CPU.ActiveCfg = Release|Any CPU
		{A2F59411-34D2-4D4F-AB62-C737FA96BEAB}.Release|Any CPU.Build.0 = Release|Any CPU
		{46E7980A-977C-443D-B306-2E8B4FA222AB}.Debug|Any CPU.ActiveCfg = Debug|Any CPU
		{46E7980A-977C-443D-B306-2E8B4FA222AB}.Debug|Any CPU.Build.0 = Debug|Any CPU
		{46E7980A-977C-443D-B306-2E8B4FA222AB}.Release|Any CPU.ActiveCfg = Release|Any CPU
		{46E7980A-977C-443D-B306-2E8B4FA222AB}.Release|Any CPU.Build.0 = Release|Any CPU
		{E86CCBD6-5C93-425A-AB64-B605FA0A28FF}.Debug|Any CPU.ActiveCfg = Debug|Any CPU
		{E86CCBD6-5C93-425A-AB64-B605FA0A28FF}.Debug|Any CPU.Build.0 = Debug|Any CPU
		{E86CCBD6-5C93-425A-AB64-B605FA0A28FF}.Release|Any CPU.ActiveCfg = Release|Any CPU
		{E86CCBD6-5C93-425A-AB64-B605FA0A28FF}.Release|Any CPU.Build.0 = Release|Any CPU
		{8AD6069D-AB95-4975-BC7C-7002E2E72CF8}.Debug|Any CPU.ActiveCfg = Debug|Any CPU
		{8AD6069D-AB95-4975-BC7C-7002E2E72CF8}.Debug|Any CPU.Build.0 = Debug|Any CPU
		{8AD6069D-AB95-4975-BC7C-7002E2E72CF8}.Release|Any CPU.ActiveCfg = Release|Any CPU
		{8AD6069D-AB95-4975-BC7C-7002E2E72CF8}.Release|Any CPU.Build.0 = Release|Any CPU
		{FE0D3F3A-0FE7-4B80-8B29-DCF5B24880D5}.Debug|Any CPU.ActiveCfg = Debug|Any CPU
		{FE0D3F3A-0FE7-4B80-8B29-DCF5B24880D5}.Debug|Any CPU.Build.0 = Debug|Any CPU
		{FE0D3F3A-0FE7-4B80-8B29-DCF5B24880D5}.Release|Any CPU.ActiveCfg = Release|Any CPU
		{FE0D3F3A-0FE7-4B80-8B29-DCF5B24880D5}.Release|Any CPU.Build.0 = Release|Any CPU
		{442D996C-9C10-4CD2-94BC-5EE3F3C9FF73}.Debug|Any CPU.ActiveCfg = Debug|Any CPU
		{442D996C-9C10-4CD2-94BC-5EE3F3C9FF73}.Debug|Any CPU.Build.0 = Debug|Any CPU
		{442D996C-9C10-4CD2-94BC-5EE3F3C9FF73}.Release|Any CPU.ActiveCfg = Release|Any CPU
		{442D996C-9C10-4CD2-94BC-5EE3F3C9FF73}.Release|Any CPU.Build.0 = Release|Any CPU
		{26815EB5-D4B2-42F4-BE64-166E3ADB576A}.Debug|Any CPU.ActiveCfg = Debug|Any CPU
		{26815EB5-D4B2-42F4-BE64-166E3ADB576A}.Debug|Any CPU.Build.0 = Debug|Any CPU
		{26815EB5-D4B2-42F4-BE64-166E3ADB576A}.Release|Any CPU.ActiveCfg = Release|Any CPU
		{26815EB5-D4B2-42F4-BE64-166E3ADB576A}.Release|Any CPU.Build.0 = Release|Any CPU
		{062BA21B-277D-4364-943A-3198DD7A2D0C}.Debug|Any CPU.ActiveCfg = Debug|Any CPU
		{062BA21B-277D-4364-943A-3198DD7A2D0C}.Debug|Any CPU.Build.0 = Debug|Any CPU
		{062BA21B-277D-4364-943A-3198DD7A2D0C}.Release|Any CPU.ActiveCfg = Release|Any CPU
		{062BA21B-277D-4364-943A-3198DD7A2D0C}.Release|Any CPU.Build.0 = Release|Any CPU
		{40152E87-300D-4022-86D0-BF9D1A85F6FE}.Debug|Any CPU.ActiveCfg = Debug|Any CPU
		{40152E87-300D-4022-86D0-BF9D1A85F6FE}.Debug|Any CPU.Build.0 = Debug|Any CPU
		{40152E87-300D-4022-86D0-BF9D1A85F6FE}.Release|Any CPU.ActiveCfg = Release|Any CPU
		{40152E87-300D-4022-86D0-BF9D1A85F6FE}.Release|Any CPU.Build.0 = Release|Any CPU
	EndGlobalSection
	GlobalSection(SolutionProperties) = preSolution
		HideSolutionNode = FALSE
	EndGlobalSection
	GlobalSection(NestedProjects) = preSolution
		{7F96BE34-35D3-4F26-B287-6D26EE2EBC68} = {CC893FFD-4C0D-4A51-8B35-EDEA5C6D239D}
		{490ECB10-B656-4AAE-8182-DA7BA716FA4A} = {CC893FFD-4C0D-4A51-8B35-EDEA5C6D239D}
		{A2871E48-0B0F-4F6C-8F09-732F8CD9969D} = {CC893FFD-4C0D-4A51-8B35-EDEA5C6D239D}
		{4A40E4B9-B0C8-4F79-B2BD-978DACC9288F} = {CC893FFD-4C0D-4A51-8B35-EDEA5C6D239D}
		{FC6B31AE-ABE1-4516-8C63-D6881835473F} = {CC893FFD-4C0D-4A51-8B35-EDEA5C6D239D}
		{C66484F6-5CCD-4B64-BDAD-C60FCCDAC660} = {09A4A9D0-CABB-43EC-80DA-13431B74F778}
		{DF49DC88-A4EC-43E7-8715-EC70FF5B7ABB} = {09A4A9D0-CABB-43EC-80DA-13431B74F778}
		{4B2FA2B5-ECCE-44D6-AC90-C2899ABDFB32} = {09A4A9D0-CABB-43EC-80DA-13431B74F778}
		{96D0F97B-23B2-4844-B302-60341509770E} = {09A4A9D0-CABB-43EC-80DA-13431B74F778}
		{B201EF7E-51DE-47B9-8C76-F62BAFAB0217} = {09A4A9D0-CABB-43EC-80DA-13431B74F778}
		{F120B87D-BC8B-4453-AB2D-E2DEEECC3F87} = {CC893FFD-4C0D-4A51-8B35-EDEA5C6D239D}
		{47BEBA58-0CED-458B-971B-8DD6490E1EC9} = {09A4A9D0-CABB-43EC-80DA-13431B74F778}
		{FFFFCDC6-8437-483D-916E-E99EBFC7B31C} = {68960459-6070-4AED-B30F-D45E918F991E}
		{4F6665F0-2444-4B5B-8E26-D5EEEF598F74} = {68960459-6070-4AED-B30F-D45E918F991E}
		{DD0088B0-ED7F-4272-8B97-1E504AF91F32} = {68960459-6070-4AED-B30F-D45E918F991E}
		{D4DCF9FF-2362-4A24-BEF9-DC9709F766A6} = {68960459-6070-4AED-B30F-D45E918F991E}
		{9647E987-AEF3-4786-845E-113A34ECFE39} = {68960459-6070-4AED-B30F-D45E918F991E}
		{1919C764-D8E2-4361-8F10-081BA8321655} = {68960459-6070-4AED-B30F-D45E918F991E}
		{8D9FF741-306A-46DE-AB9F-570B9B059AE2} = {09A4A9D0-CABB-43EC-80DA-13431B74F778}
		{E7B64676-F0D8-4A22-AAA1-D7B37CE1C221} = {68960459-6070-4AED-B30F-D45E918F991E}
		{4706953B-8FC5-4C64-8022-A4C883CC2550} = {68960459-6070-4AED-B30F-D45E918F991E}
		{52103CB7-1CE8-4F77-80FE-A6DA54503035} = {A1C17753-5BBA-48E7-AF06-DC51F2574AEC}
		{7F1B78BC-EBC5-4962-A648-68AC6F21C0BB} = {A1C17753-5BBA-48E7-AF06-DC51F2574AEC}
		{FE59CD69-7D61-4F93-A66A-06F69421F52D} = {A1C17753-5BBA-48E7-AF06-DC51F2574AEC}
		{689BC434-3031-4526-90F6-B2F668B1EECA} = {A1C17753-5BBA-48E7-AF06-DC51F2574AEC}
		{334BDCAE-EACE-44E2-A361-C5D6C18B823E} = {A1C17753-5BBA-48E7-AF06-DC51F2574AEC}
		{B9CA7BE0-FCC5-46BA-83AB-2D487BE611D0} = {A1C17753-5BBA-48E7-AF06-DC51F2574AEC}
		{727AB9EC-A523-4A3B-ABE2-7D89ED67A088} = {A1C17753-5BBA-48E7-AF06-DC51F2574AEC}
		{7E939166-5F9B-423C-BDD5-E78D976DAC3A} = {A1C17753-5BBA-48E7-AF06-DC51F2574AEC}
		{A27A6903-3B54-4397-A15F-836684A1C5E3} = {A1C17753-5BBA-48E7-AF06-DC51F2574AEC}
		{AA979761-D560-417F-8540-CDEC95396641} = {A1C17753-5BBA-48E7-AF06-DC51F2574AEC}
		{044012C3-AFBD-4961-93F3-6551AA4BFC9F} = {A1C17753-5BBA-48E7-AF06-DC51F2574AEC}
		{15F3CBFC-758D-4659-84E0-0BEA838AB963} = {A1C17753-5BBA-48E7-AF06-DC51F2574AEC}
		{E3D89E72-17C2-48E3-8B56-D19D216D42AC} = {A1C17753-5BBA-48E7-AF06-DC51F2574AEC}
		{D06A92BB-11E9-44A0-A6B2-EED4EC41893B} = {A1C17753-5BBA-48E7-AF06-DC51F2574AEC}
		{1661A58F-E337-4DFC-92BB-225F2CCCF6F2} = {A1C17753-5BBA-48E7-AF06-DC51F2574AEC}
		{6B31D37B-BA3D-4AAE-8980-D126BD0E01E4} = {A1C17753-5BBA-48E7-AF06-DC51F2574AEC}
		{765050AA-9A74-4913-A9DC-813A9EFD9A04} = {A1C17753-5BBA-48E7-AF06-DC51F2574AEC}
		{7CC7C2B3-4109-498A-8850-D7A87B14456A} = {A1C17753-5BBA-48E7-AF06-DC51F2574AEC}
		{64C8212F-B76C-4D7B-987D-BC06026B05DB} = {706E3837-EC72-476C-A496-AAF9035B0116}
		{3DEE081A-7FF6-4408-A0A8-B526ABAFA94B} = {706E3837-EC72-476C-A496-AAF9035B0116}
		{A256CA13-417C-4834-BA5D-9BD3F1AA9EFE} = {706E3837-EC72-476C-A496-AAF9035B0116}
		{443D45BC-2D97-444B-8523-2C8EFBDA7BE7} = {706E3837-EC72-476C-A496-AAF9035B0116}
		{B25FBB29-9068-422D-9828-E88E3E8800E9} = {706E3837-EC72-476C-A496-AAF9035B0116}
		{F6EE50E9-3EC9-4255-B79A-9F97A24D1073} = {706E3837-EC72-476C-A496-AAF9035B0116}
		{0C1768E7-3127-46C1-9350-E4D805874B35} = {706E3837-EC72-476C-A496-AAF9035B0116}
		{CD530F8A-1D1D-4872-B174-2326C6C52F18} = {706E3837-EC72-476C-A496-AAF9035B0116}
		{F9230E85-9F3B-4F8A-9F79-5A82A2DEED5A} = {D7BD359B-FCD7-47A7-B9B4-0C265971D78C}
		{0A6F24E9-DE89-4D76-BFF1-529D4EB97004} = {D7BD359B-FCD7-47A7-B9B4-0C265971D78C}
		{EE621D77-D78D-49E8-BA41-3EB617FFB8A9} = {D7BD359B-FCD7-47A7-B9B4-0C265971D78C}
		{F957DAAF-F509-4BAB-84E5-E985AA89CF0C} = {464D54D2-D8B4-4B87-849E-C8A13B769B44}
		{7647927D-8CEE-4BD0-A9C5-E977FF520502} = {464D54D2-D8B4-4B87-849E-C8A13B769B44}
		{CE21BDC5-064A-47C8-BC65-A6C0EF4DDE3E} = {464D54D2-D8B4-4B87-849E-C8A13B769B44}
		{29158F4D-47E7-43EF-860F-BDA956A69E91} = {44A58E33-D221-425D-BBD8-A063586526AC}
		{B0F0013E-3C2D-4653-88BF-453838D3F167} = {44A58E33-D221-425D-BBD8-A063586526AC}
		{301AF1FF-5E3F-4EF0-AD48-A06B6286C267} = {44A58E33-D221-425D-BBD8-A063586526AC}
		{21E1B5FA-8E37-4BA1-AADF-9F6C122B7F93} = {4912F082-50EC-4D4A-993E-E60E9A4698F5}
		{047827C3-B6EE-46A4-820B-7B895E65C766} = {D7BD359B-FCD7-47A7-B9B4-0C265971D78C}
		{72B0CB11-E69B-4C5E-8416-91CC448D48CB} = {D7BD359B-FCD7-47A7-B9B4-0C265971D78C}
		{295ACD64-73FC-4D2F-AE42-EB7D48FDFC70} = {D7BD359B-FCD7-47A7-B9B4-0C265971D78C}
		{BCFC10BA-3B77-48F5-BD4A-75AF300524C6} = {4912F082-50EC-4D4A-993E-E60E9A4698F5}
		{3B852137-E136-46C2-AF3A-EC1C92BDA765} = {44A58E33-D221-425D-BBD8-A063586526AC}
		{AC8B9172-AC66-4451-B11C-2A0EB641A01F} = {44A58E33-D221-425D-BBD8-A063586526AC}
		{C6BF081E-EB61-4794-876B-DF82E0ACB5E4} = {370BA92B-EE3F-4172-8748-52DA1D264A46}
		{AB59EE98-19AB-4B5E-A19D-AAFE818B1D20} = {370BA92B-EE3F-4172-8748-52DA1D264A46}
		{C6C54F8F-0F13-4FAC-84E3-3AADB852DC94} = {370BA92B-EE3F-4172-8748-52DA1D264A46}
		{8B7181EC-0F95-4688-A44E-25C8BB126E2D} = {370BA92B-EE3F-4172-8748-52DA1D264A46}
		{6229E58E-FDB6-48E3-8E49-71199C055291} = {370BA92B-EE3F-4172-8748-52DA1D264A46}
		{79CD8BEE-01EF-4673-9A7C-1C757599C249} = {44A58E33-D221-425D-BBD8-A063586526AC}
		{7B80912E-99BA-496D-8B76-115EE375E821} = {370BA92B-EE3F-4172-8748-52DA1D264A46}
		{ADA02AC5-F0E7-492A-A726-15C81E999D9B} = {370BA92B-EE3F-4172-8748-52DA1D264A46}
		{08681985-AD63-47CA-8FCC-06BC5BFD1853} = {44A58E33-D221-425D-BBD8-A063586526AC}
		{EEB46462-6268-40A7-AE06-B4AC497CB0AD} = {5483F6BB-DA4A-440A-8092-F34875792A0A}
		{26BE1E09-676C-4A0B-B50E-826333F102EE} = {5483F6BB-DA4A-440A-8092-F34875792A0A}
		{E511F031-2F93-42BA-8385-56DF30B741B3} = {4912F082-50EC-4D4A-993E-E60E9A4698F5}
		{8ABEE092-2A78-46A8-A4D4-17EC8D49BCAB} = {5483F6BB-DA4A-440A-8092-F34875792A0A}
		{5BC4B0E7-4FF2-46FB-B373-C82C2CBA2040} = {01D5FC47-E703-49E0-A8D1-9C8F864E41E5}
		{38EB18F0-EF28-499A-ABD3-81861EF97652} = {01D5FC47-E703-49E0-A8D1-9C8F864E41E5}
		{24748486-F9FD-4E97-A089-387FEF1B960E} = {01D5FC47-E703-49E0-A8D1-9C8F864E41E5}
		{314EAE69-7C7C-4991-87C0-FF980FFAF7FF} = {01D5FC47-E703-49E0-A8D1-9C8F864E41E5}
		{D6777BB9-04B3-4A5B-88A0-B626A3279617} = {01D5FC47-E703-49E0-A8D1-9C8F864E41E5}
		{8FA3BC2C-58AF-445A-B6C4-ACC35DB9BB33} = {01D5FC47-E703-49E0-A8D1-9C8F864E41E5}
		{D6650CE0-2F82-4159-92DF-637E08263892} = {01D5FC47-E703-49E0-A8D1-9C8F864E41E5}
		{F14FC16B-11D1-4953-90A4-018F2ECA92BA} = {01D5FC47-E703-49E0-A8D1-9C8F864E41E5}
		{53BB577A-274A-40EF-82B8-5A04A49688DE} = {44A58E33-D221-425D-BBD8-A063586526AC}
		{43D9DBB8-36DD-4B68-88BD-2ABBAB13F34F} = {01D5FC47-E703-49E0-A8D1-9C8F864E41E5}
		{6DE7DF5C-18F3-4519-8AF4-21D269F06694} = {44A58E33-D221-425D-BBD8-A063586526AC}
		{701BC9A5-6410-4310-8B1A-E139466E6FDB} = {661C6001-C5C4-40D7-AAC6-489937261D67}
		{D3B02816-A68C-4F88-8435-D0897DF2719B} = {661C6001-C5C4-40D7-AAC6-489937261D67}
		{494C124E-D2CE-40DD-96CE-B62E778DDE16} = {661C6001-C5C4-40D7-AAC6-489937261D67}
		{4A6D381B-D9FF-4F44-8E63-046B8F03B80A} = {661C6001-C5C4-40D7-AAC6-489937261D67}
		{B3D76DF4-82B2-47D6-8468-B79E0045DB40} = {44A58E33-D221-425D-BBD8-A063586526AC}
		{A2F59411-34D2-4D4F-AB62-C737FA96BEAB} = {661C6001-C5C4-40D7-AAC6-489937261D67}
		{46E7980A-977C-443D-B306-2E8B4FA222AB} = {661C6001-C5C4-40D7-AAC6-489937261D67}
		{E86CCBD6-5C93-425A-AB64-B605FA0A28FF} = {661C6001-C5C4-40D7-AAC6-489937261D67}
		{8AD6069D-AB95-4975-BC7C-7002E2E72CF8} = {44A58E33-D221-425D-BBD8-A063586526AC}
		{FE0D3F3A-0FE7-4B80-8B29-DCF5B24880D5} = {661C6001-C5C4-40D7-AAC6-489937261D67}
		{442D996C-9C10-4CD2-94BC-5EE3F3C9FF73} = {661C6001-C5C4-40D7-AAC6-489937261D67}
		{26815EB5-D4B2-42F4-BE64-166E3ADB576A} = {661C6001-C5C4-40D7-AAC6-489937261D67}
		{062BA21B-277D-4364-943A-3198DD7A2D0C} = {04C456EE-D814-479D-905E-191D0EDE7434}
		{40152E87-300D-4022-86D0-BF9D1A85F6FE} = {04C456EE-D814-479D-905E-191D0EDE7434}
	EndGlobalSection
	GlobalSection(ExtensibilityGlobals) = postSolution
		SolutionGuid = {95A803EA-CF3F-47FE-8F60-99F3B955FFD7}
	EndGlobalSection
EndGlobal
