
Microsoft Visual Studio Solution File, Format Version 12.00
# Visual Studio Version 16
VisualStudioVersion = 16.0.30503.244
MinimumVisualStudioVersion = 10.0.40219.1
Project("{FAE04EC0-301F-11D3-BF4B-00C04F79EFBC}") = "001_HelloWorld", "001_HelloWorld\001_HelloWorld.csproj", "{7F96BE34-35D3-4F26-B287-6D26EE2EBC68}"
EndProject
Project("{9A19103F-16F7-4668-BE54-9A1E7A4F7556}") = "002_Jak_se_jmenujes", "002_Jak_se_jmenujes\002_Jak_se_jmenujes.csproj", "{490ECB10-B656-4AAE-8182-DA7BA716FA4A}"
EndProject
Project("{9A19103F-16F7-4668-BE54-9A1E7A4F7556}") = "003_Zvetseni_cisla", "003_zvetseni_cisla\003_Zvetseni_cisla.csproj", "{A2871E48-0B0F-4F6C-8F09-732F8CD9969D}"
EndProject
Project("{9A19103F-16F7-4668-BE54-9A1E7A4F7556}") = "004_Typ_double", "004_typ_double\004_Typ_double.csproj", "{4A40E4B9-B0C8-4F79-B2BD-978DACC9288F}"
EndProject
Project("{9A19103F-16F7-4668-BE54-9A1E7A4F7556}") = "005_Typ_char", "005_Typ_char\005_Typ_char.csproj", "{FC6B31AE-ABE1-4516-8C63-D6881835473F}"
EndProject
Project("{FAE04EC0-301F-11D3-BF4B-00C04F79EFBC}") = "006_Podminka", "006_Podminka\006_Podminka.csproj", "{C66484F6-5CCD-4B64-BDAD-C60FCCDAC660}"
EndProject
Project("{FAE04EC0-301F-11D3-BF4B-00C04F79EFBC}") = "007_Je_sude", "007_Je_sude\007_Je_sude.csproj", "{DF49DC88-A4EC-43E7-8715-EC70FF5B7ABB}"
EndProject
Project("{FAE04EC0-301F-11D3-BF4B-00C04F79EFBC}") = "008_Vetsi_podminka", "008_vetsi_podminka\008_Vetsi_podminka.csproj", "{4B2FA2B5-ECCE-44D6-AC90-C2899ABDFB32}"
EndProject
Project("{FAE04EC0-301F-11D3-BF4B-00C04F79EFBC}") = "009_typ_boolean", "009_typ_boolean\009_typ_boolean.csproj", "{96D0F97B-23B2-4844-B302-60341509770E}"
EndProject
Global
	GlobalSection(SolutionConfigurationPlatforms) = preSolution
		Debug|Any CPU = Debug|Any CPU
		Release|Any CPU = Release|Any CPU
	EndGlobalSection
	GlobalSection(ProjectConfigurationPlatforms) = postSolution
		{7F96BE34-35D3-4F26-B287-6D26EE2EBC68}.Debug|Any CPU.ActiveCfg = Debug|Any CPU
		{7F96BE34-35D3-4F26-B287-6D26EE2EBC68}.Debug|Any CPU.Build.0 = Debug|Any CPU
		{7F96BE34-35D3-4F26-B287-6D26EE2EBC68}.Release|Any CPU.ActiveCfg = Release|Any CPU
		{7F96BE34-35D3-4F26-B287-6D26EE2EBC68}.Release|Any CPU.Build.0 = Release|Any CPU
		{490ECB10-B656-4AAE-8182-DA7BA716FA4A}.Debug|Any CPU.ActiveCfg = Debug|Any CPU
		{490ECB10-B656-4AAE-8182-DA7BA716FA4A}.Debug|Any CPU.Build.0 = Debug|Any CPU
		{490ECB10-B656-4AAE-8182-DA7BA716FA4A}.Release|Any CPU.ActiveCfg = Release|Any CPU
		{490ECB10-B656-4AAE-8182-DA7BA716FA4A}.Release|Any CPU.Build.0 = Release|Any CPU
		{A2871E48-0B0F-4F6C-8F09-732F8CD9969D}.Debug|Any CPU.ActiveCfg = Debug|Any CPU
		{A2871E48-0B0F-4F6C-8F09-732F8CD9969D}.Debug|Any CPU.Build.0 = Debug|Any CPU
		{A2871E48-0B0F-4F6C-8F09-732F8CD9969D}.Release|Any CPU.ActiveCfg = Release|Any CPU
		{A2871E48-0B0F-4F6C-8F09-732F8CD9969D}.Release|Any CPU.Build.0 = Release|Any CPU
		{4A40E4B9-B0C8-4F79-B2BD-978DACC9288F}.Debug|Any CPU.ActiveCfg = Debug|Any CPU
		{4A40E4B9-B0C8-4F79-B2BD-978DACC9288F}.Debug|Any CPU.Build.0 = Debug|Any CPU
		{4A40E4B9-B0C8-4F79-B2BD-978DACC9288F}.Release|Any CPU.ActiveCfg = Release|Any CPU
		{4A40E4B9-B0C8-4F79-B2BD-978DACC9288F}.Release|Any CPU.Build.0 = Release|Any CPU
		{FC6B31AE-ABE1-4516-8C63-D6881835473F}.Debug|Any CPU.ActiveCfg = Debug|Any CPU
		{FC6B31AE-ABE1-4516-8C63-D6881835473F}.Debug|Any CPU.Build.0 = Debug|Any CPU
		{FC6B31AE-ABE1-4516-8C63-D6881835473F}.Release|Any CPU.ActiveCfg = Release|Any CPU
		{FC6B31AE-ABE1-4516-8C63-D6881835473F}.Release|Any CPU.Build.0 = Release|Any CPU
		{C66484F6-5CCD-4B64-BDAD-C60FCCDAC660}.Debug|Any CPU.ActiveCfg = Debug|Any CPU
		{C66484F6-5CCD-4B64-BDAD-C60FCCDAC660}.Debug|Any CPU.Build.0 = Debug|Any CPU
		{C66484F6-5CCD-4B64-BDAD-C60FCCDAC660}.Release|Any CPU.ActiveCfg = Release|Any CPU
		{C66484F6-5CCD-4B64-BDAD-C60FCCDAC660}.Release|Any CPU.Build.0 = Release|Any CPU
		{DF49DC88-A4EC-43E7-8715-EC70FF5B7ABB}.Debug|Any CPU.ActiveCfg = Debug|Any CPU
		{DF49DC88-A4EC-43E7-8715-EC70FF5B7ABB}.Debug|Any CPU.Build.0 = Debug|Any CPU
		{DF49DC88-A4EC-43E7-8715-EC70FF5B7ABB}.Release|Any CPU.ActiveCfg = Release|Any CPU
		{DF49DC88-A4EC-43E7-8715-EC70FF5B7ABB}.Release|Any CPU.Build.0 = Release|Any CPU
		{4B2FA2B5-ECCE-44D6-AC90-C2899ABDFB32}.Debug|Any CPU.ActiveCfg = Debug|Any CPU
		{4B2FA2B5-ECCE-44D6-AC90-C2899ABDFB32}.Debug|Any CPU.Build.0 = Debug|Any CPU
		{4B2FA2B5-ECCE-44D6-AC90-C2899ABDFB32}.Release|Any CPU.ActiveCfg = Release|Any CPU
		{4B2FA2B5-ECCE-44D6-AC90-C2899ABDFB32}.Release|Any CPU.Build.0 = Release|Any CPU
		{96D0F97B-23B2-4844-B302-60341509770E}.Debug|Any CPU.ActiveCfg = Debug|Any CPU
		{96D0F97B-23B2-4844-B302-60341509770E}.Debug|Any CPU.Build.0 = Debug|Any CPU
		{96D0F97B-23B2-4844-B302-60341509770E}.Release|Any CPU.ActiveCfg = Release|Any CPU
		{96D0F97B-23B2-4844-B302-60341509770E}.Release|Any CPU.Build.0 = Release|Any CPU
	EndGlobalSection
	GlobalSection(SolutionProperties) = preSolution
		HideSolutionNode = FALSE
	EndGlobalSection
	GlobalSection(ExtensibilityGlobals) = postSolution
		SolutionGuid = {95A803EA-CF3F-47FE-8F60-99F3B955FFD7}
	EndGlobalSection
EndGlobal
